<?xml version="1.0" encoding="utf-8"?>
<Project ToolsVersion="4.0" xmlns="http://schemas.microsoft.com/developer/msbuild/2003">
  <ItemGroup>
    <Filter Include="Source Files">
      <UniqueIdentifier>{af80d800-628d-4171-b553-0585044ff20d}</UniqueIdentifier>
      <Extensions>cpp;c;cxx;rc;def;r;odl;idl;hpj;bat</Extensions>
    </Filter>
    <Filter Include="Header Files">
      <UniqueIdentifier>{fca9cf7b-5c94-4842-8a61-82b78730596a}</UniqueIdentifier>
      <Extensions>h;hpp;hxx;hm;inl</Extensions>
    </Filter>
    <Filter Include="Resource Files">
      <UniqueIdentifier>{45772a3e-7367-487f-a936-ab7e14efa445}</UniqueIdentifier>
      <Extensions>ico;cur;bmp;dlg;rc2;rct;bin;rgs;gif;jpg;jpeg;jpe</Extensions>
    </Filter>
  </ItemGroup>
  <ItemGroup>
    <ClCompile Include="Accumulate.cpp">
      <Filter>Source Files</Filter>
    </ClCompile>
    <ClCompile Include="ClipboardDlg.cpp">
      <Filter>Source Files</Filter>
    </ClCompile>
    <ClCompile Include="DirectShowDialog.cpp">
      <Filter>Source Files</Filter>
    </ClCompile>
    <ClCompile Include="DirectShowDriver.cpp">
      <Filter>Source Files</Filter>
    </ClCompile>
    <ClCompile Include="DriverBase.cpp">
      <Filter>Source Files</Filter>
    </ClCompile>
    <ClCompile Include="DriverClipboard.cpp">
      <Filter>Source Files</Filter>
    </ClCompile>
    <ClCompile Include="DriverEmpty.cpp">
      <Filter>Source Files</Filter>
    </ClCompile>
    <ClCompile Include="DriverFile.cpp">
      <Filter>Source Files</Filter>
    </ClCompile>
    <ClCompile Include="DriverTwain.cpp">
      <Filter>Source Files</Filter>
    </ClCompile>
    <ClCompile Include="DriverVfW.cpp">
      <Filter>Source Files</Filter>
    </ClCompile>
    <ClCompile Include="DSComprDialog.cpp">
      <Filter>Source Files</Filter>
    </ClCompile>
    <ClCompile Include="ImageBySel.cpp">
      <Filter>Source Files</Filter>
    </ClCompile>
    <ClCompile Include="ImgDocCreator.cpp">
      <Filter>Source Files</Filter>
    </ClCompile>
    <ClCompile Include="InputActions.cpp">
      <Filter>Source Files</Filter>
    </ClCompile>
    <ClCompile Include="InputDlg.cpp">
      <Filter>Source Files</Filter>
    </ClCompile>
    <ClCompile Include="InputDriverManager.cpp">
      <Filter>Source Files</Filter>
    </ClCompile>
    <ClCompile Include="InputUtils.cpp">
      <Filter>Source Files</Filter>
    </ClCompile>
    <ClCompile Include="Library.cpp">
      <Filter>Source Files</Filter>
    </ClCompile>
    <ClCompile Include="mtype.cpp">
      <Filter>Source Files</Filter>
    </ClCompile>
    <ClCompile Include="NewDoc.cpp">
      <Filter>Source Files</Filter>
    </ClCompile>
    <ClCompile Include="NewDocStdProfile.cpp">
      <Filter>Source Files</Filter>
    </ClCompile>
    <ClCompile Include="NewDocVT5Profile.cpp">
      <Filter>Source Files</Filter>
    </ClCompile>
    <ClCompile Include="PreviewDoc.cpp">
      <Filter>Source Files</Filter>
    </ClCompile>
    <ClCompile Include="PreviewView.cpp">
      <Filter>Source Files</Filter>
    </ClCompile>
    <ClCompile Include="Reposition.cpp">
      <Filter>Source Files</Filter>
    </ClCompile>
    <ClCompile Include="SelPropertyPages.cpp">
      <Filter>Source Files</Filter>
    </ClCompile>
    <ClCompile Include="SelPropertySheet.cpp">
      <Filter>Source Files</Filter>
    </ClCompile>
    <ClCompile Include="StdAfx.cpp">
      <Filter>Source Files</Filter>
    </ClCompile>
    <ClCompile Include="Trigger.cpp">
      <Filter>Source Files</Filter>
    </ClCompile>
    <ClCompile Include="TWAINCOL.CPP">
      <Filter>Source Files</Filter>
    </ClCompile>
    <ClCompile Include="TWAINDAT.CPP">
      <Filter>Source Files</Filter>
    </ClCompile>
    <ClCompile Include="Twainds.cpp">
      <Filter>Source Files</Filter>
    </ClCompile>
    <ClCompile Include="TWAINDSM.CPP">
      <Filter>Source Files</Filter>
    </ClCompile>
    <ClCompile Include="TwainWork.cpp">
      <Filter>Source Files</Filter>
    </ClCompile>
    <ClCompile Include="VideoDlg.cpp">
      <Filter>Source Files</Filter>
    </ClCompile>
    <ClCompile Include="VideoDriversList.cpp">
      <Filter>Source Files</Filter>
    </ClCompile>
    <ClCompile Include="VTAVI.CPP">
      <Filter>Source Files</Filter>
    </ClCompile>
  </ItemGroup>
  <ItemGroup>
    <None Include="NewDoc.def">
      <Filter>Source Files</Filter>
    </None>
    <None Include="res\NewDoc.rc2">
      <Filter>Resource Files</Filter>
    </None>
    <None Include="toolbar1.bmp">
      <Filter>Resource Files</Filter>
    </None>
    <None Include="ReadMe.txt" />
  </ItemGroup>
  <ItemGroup>
    <Midl Include="NewDoc.odl">
      <Filter>Source Files</Filter>
    </Midl>
  </ItemGroup>
  <ItemGroup>
    <ResourceCompile Include="NewDoc.rc">
      <Filter>Source Files</Filter>
    </ResourceCompile>
  </ItemGroup>
  <ItemGroup>
    <ClInclude Include="Accumulate.h">
      <Filter>Header Files</Filter>
    </ClInclude>
    <ClInclude Include="ClipboardDlg.h">
      <Filter>Header Files</Filter>
    </ClInclude>
    <ClInclude Include="DirectShowDialog.h">
      <Filter>Header Files</Filter>
    </ClInclude>
    <ClInclude Include="DirectShowDriver.h">
      <Filter>Header Files</Filter>
    </ClInclude>
    <ClInclude Include="Driver.h">
      <Filter>Header Files</Filter>
    </ClInclude>
    <ClInclude Include="DriverBase.h">
      <Filter>Header Files</Filter>
    </ClInclude>
    <ClInclude Include="DriverClipboard.h">
      <Filter>Header Files</Filter>
    </ClInclude>
    <ClInclude Include="DriverEmpty.h">
      <Filter>Header Files</Filter>
    </ClInclude>
    <ClInclude Include="DriverFile.h">
      <Filter>Header Files</Filter>
    </ClInclude>
    <ClInclude Include="DriverTwain.h">
      <Filter>Header Files</Filter>
    </ClInclude>
    <ClInclude Include="DriverVfW.h">
      <Filter>Header Files</Filter>
    </ClInclude>
    <ClInclude Include="DSComprDialog.h">
      <Filter>Header Files</Filter>
    </ClInclude>
    <ClInclude Include="fourcc.h">
      <Filter>Header Files</Filter>
    </ClInclude>
    <ClInclude Include="ImageBySel.h">
      <Filter>Header Files</Filter>
    </ClInclude>
    <ClInclude Include="ImgDocCreator.h">
      <Filter>Header Files</Filter>
    </ClInclude>
    <ClInclude Include="InputActions.h">
      <Filter>Header Files</Filter>
    </ClInclude>
    <ClInclude Include="InputDlg.h">
      <Filter>Header Files</Filter>
    </ClInclude>
    <ClInclude Include="InputDriverManager.h">
      <Filter>Header Files</Filter>
    </ClInclude>
    <ClInclude Include="InputUtils.h">
      <Filter>Header Files</Filter>
    </ClInclude>
    <ClInclude Include="Library.h">
      <Filter>Header Files</Filter>
    </ClInclude>
    <ClInclude Include="mtype.h">
      <Filter>Header Files</Filter>
    </ClInclude>
    <ClInclude Include="NewDoc.h">
      <Filter>Header Files</Filter>
    </ClInclude>
    <ClInclude Include="NewDocStdProfile.h">
      <Filter>Header Files</Filter>
    </ClInclude>
    <ClInclude Include="NewDocVT5Profile.h">
      <Filter>Header Files</Filter>
    </ClInclude>
    <ClInclude Include="PreviewDoc.h">
      <Filter>Header Files</Filter>
    </ClInclude>
    <ClInclude Include="PreviewView.h">
      <Filter>Header Files</Filter>
    </ClInclude>
    <ClInclude Include="Reposition.h">
      <Filter>Header Files</Filter>
    </ClInclude>
    <ClInclude Include="Resource.h">
      <Filter>Header Files</Filter>
    </ClInclude>
    <ClInclude Include="SelPropertyPages.h">
      <Filter>Header Files</Filter>
    </ClInclude>
    <ClInclude Include="SelPropertySheet.h">
      <Filter>Header Files</Filter>
    </ClInclude>
    <ClInclude Include="StdAfx.h">
      <Filter>Header Files</Filter>
    </ClInclude>
    <ClInclude Include="Trigger.h">
      <Filter>Header Files</Filter>
    </ClInclude>
    <ClInclude Include="TWAIN.H">
      <Filter>Header Files</Filter>
    </ClInclude>
    <ClInclude Include="TWAINCOL.H">
      <Filter>Header Files</Filter>
    </ClInclude>
    <ClInclude Include="TwainVT.h">
      <Filter>Header Files</Filter>
    </ClInclude>
    <ClInclude Include="TwainWork.h">
      <Filter>Header Files</Filter>
    </ClInclude>
    <ClInclude Include="Twcore.h">
      <Filter>Header Files</Filter>
    </ClInclude>
    <ClInclude Include="VfWProfile.h">
      <Filter>Header Files</Filter>
    </ClInclude>
    <ClInclude Include="VideoDlg.h">
      <Filter>Header Files</Filter>
    </ClInclude>
    <ClInclude Include="VideoDriversList.h">
      <Filter>Header Files</Filter>
    </ClInclude>
  </ItemGroup>
</Project>