<?xml version="1.0" encoding="utf-8"?>
<Project ToolsVersion="4.0" xmlns="http://schemas.microsoft.com/developer/msbuild/2003">
  <ItemGroup>
    <Filter Include="Source Files">
      <UniqueIdentifier>{a73f3003-ef79-4404-8569-950075c80b65}</UniqueIdentifier>
      <Extensions>cpp;c;cxx;rc;def;r;odl;idl;hpj;bat</Extensions>
    </Filter>
    <Filter Include="Header Files">
      <UniqueIdentifier>{36ebfe6f-6c59-488d-8cc3-726a005c839b}</UniqueIdentifier>
      <Extensions>h;hpp;hxx;hm;inl</Extensions>
    </Filter>
    <Filter Include="Resource Files">
      <UniqueIdentifier>{22ca5c1c-873c-4fbe-8c12-df808adc55e1}</UniqueIdentifier>
      <Extensions>ico;cur;bmp;dlg;rc2;rct;bin;rgs;gif;jpg;jpeg;jpe</Extensions>
    </Filter>
  </ItemGroup>
  <ItemGroup>
    <ClCompile Include="AboutDlg.cpp">
      <Filter>Source Files</Filter>
    </ClCompile>
    <ClCompile Include="ActionControlWrp.cpp">
      <Filter>Source Files</Filter>
    </ClCompile>
    <ClCompile Include="ActiveScript.cpp">
      <Filter>Source Files</Filter>
    </ClCompile>
    <ClCompile Include="APIHook.cpp">
      <Filter>Source Files</Filter>
    </ClCompile>
    <ClCompile Include="AppDisp.cpp">
      <Filter>Source Files</Filter>
    </ClCompile>
    <ClCompile Include="BitmapProviderAdv.cpp">
      <Filter>Source Files</Filter>
    </ClCompile>
    <ClCompile Include="CommandManager.cpp">
      <Filter>Source Files</Filter>
    </ClCompile>
    <ClCompile Include="dialogs.cpp">
      <Filter>Source Files</Filter>
    </ClCompile>
    <ClCompile Include="docs.cpp">
      <Filter>Source Files</Filter>
    </ClCompile>
    <ClCompile Include="EnterNameDlg.cpp">
      <Filter>Source Files</Filter>
    </ClCompile>
    <ClCompile Include="FileActions.cpp">
      <Filter>Source Files</Filter>
    </ClCompile>
    <ClCompile Include="outlook\GfxGroupEdit.cpp">
      <Filter>Source Files</Filter>
    </ClCompile>
    <ClCompile Include="outlook\GfxOutBarCtrl.cpp">
      <Filter>Source Files</Filter>
    </ClCompile>
    <ClCompile Include="HelpActions.cpp">
      <Filter>Source Files</Filter>
    </ClCompile>
    <ClCompile Include="lang.cpp">
      <Filter>Source Files</Filter>
    </ClCompile>
    <ClCompile Include="MainFrm.cpp">
      <Filter>Source Files</Filter>
    </ClCompile>
    <ClCompile Include="MdiClient.cpp">
      <Filter>Source Files</Filter>
    </ClCompile>
    <ClCompile Include="mdump.cpp">
      <Filter>Source Files</Filter>
    </ClCompile>
    <ClCompile Include="MfcHook.cpp">
      <Filter>Source Files</Filter>
    </ClCompile>
    <ClCompile Include="MfcHook64.cpp">
      <Filter>Source Files</Filter>
    </ClCompile>
    <ClCompile Include="MfcOleFix.cpp">
      <Filter>Source Files</Filter>
    </ClCompile>
    <ClCompile Include="misc.cpp">
      <Filter>Source Files</Filter>
    </ClCompile>
    <ClCompile Include="MiscActions.cpp">
      <Filter>Source Files</Filter>
    </ClCompile>
    <ClCompile Include="ntfman.cpp">
      <Filter>Source Files</Filter>
    </ClCompile>
    <ClCompile Include="OutlookBar.cpp">
      <Filter>Source Files</Filter>
    </ClCompile>
    <ClCompile Include="SettingsWindow.cpp">
      <Filter>Source Files</Filter>
    </ClCompile>
    <ClCompile Include="shell.cpp">
      <Filter>Source Files</Filter>
    </ClCompile>
    <ClCompile Include="ShellButton.cpp">
      <Filter>Source Files</Filter>
    </ClCompile>
    <ClCompile Include="shellDoc.cpp">
      <Filter>Source Files</Filter>
    </ClCompile>
    <ClCompile Include="ShellDockBar.cpp">
      <Filter>Source Files</Filter>
    </ClCompile>
    <ClCompile Include="ShellFrame.cpp">
      <Filter>Source Files</Filter>
    </ClCompile>
    <ClCompile Include="ShellProgress.cpp">
      <Filter>Source Files</Filter>
    </ClCompile>
    <ClCompile Include="ShellStatusBar.cpp">
      <Filter>Source Files</Filter>
    </ClCompile>
    <ClCompile Include="ShellToolbar.cpp">
      <Filter>Source Files</Filter>
    </ClCompile>
    <ClCompile Include="shellView.cpp">
      <Filter>Source Files</Filter>
    </ClCompile>
    <ClCompile Include="SplashWindow.cpp">
      <Filter>Source Files</Filter>
    </ClCompile>
    <ClCompile Include="StdAfx.cpp">
      <Filter>Source Files</Filter>
    </ClCompile>
    <ClCompile Include="targetman.cpp">
      <Filter>Source Files</Filter>
    </ClCompile>
    <ClCompile Include="TETGAME.CPP">
      <Filter>Source Files</Filter>
    </ClCompile>
    <ClCompile Include="tetrisDlg.cpp">
      <Filter>Source Files</Filter>
    </ClCompile>
    <ClCompile Include="TetWindow.cpp">
      <Filter>Source Files</Filter>
    </ClCompile>
    <ClCompile Include="..\tools\Register\TransTable.cpp">
      <Filter>Source Files</Filter>
    </ClCompile>
    <ClCompile Include="VersionDlg.cpp">
      <Filter>Source Files</Filter>
    </ClCompile>
    <ClCompile Include="WindowActions.cpp">
      <Filter>Source Files</Filter>
    </ClCompile>
    <ClCompile Include="XPBarMgr.cpp">
      <Filter>Source Files</Filter>
    </ClCompile>
  </ItemGroup>
  <ItemGroup>
    <Midl Include="shell.odl">
      <Filter>Source Files</Filter>
    </Midl>
  </ItemGroup>
  <ItemGroup>
    <ResourceCompile Include="shell.rc">
      <Filter>Source Files</Filter>
    </ResourceCompile>
  </ItemGroup>
  <ItemGroup>
    <ClInclude Include="AboutDlg.h">
      <Filter>Header Files</Filter>
    </ClInclude>
    <ClInclude Include="ActionControlWrp.h">
      <Filter>Header Files</Filter>
    </ClInclude>
    <ClInclude Include="ActiveScript.h">
      <Filter>Header Files</Filter>
    </ClInclude>
    <ClInclude Include="APIHook.h">
      <Filter>Header Files</Filter>
    </ClInclude>
    <ClInclude Include="AppDisp.h">
      <Filter>Header Files</Filter>
    </ClInclude>
    <ClInclude Include="BitmapProviderAdv.h">
      <Filter>Header Files</Filter>
    </ClInclude>
    <ClInclude Include="CommandManager.h">
      <Filter>Header Files</Filter>
    </ClInclude>
    <ClInclude Include="dialogs.h">
      <Filter>Header Files</Filter>
    </ClInclude>
    <ClInclude Include="docs.h">
      <Filter>Header Files</Filter>
    </ClInclude>
    <ClInclude Include="EnterNameDlg.h">
      <Filter>Header Files</Filter>
    </ClInclude>
    <ClInclude Include="FileActions.h">
      <Filter>Header Files</Filter>
    </ClInclude>
    <ClInclude Include="outlook\GfxGroupEdit.h">
      <Filter>Header Files</Filter>
    </ClInclude>
    <ClInclude Include="outlook\GfxOutBarCtrl.h">
      <Filter>Header Files</Filter>
    </ClInclude>
    <ClInclude Include="HelpActions.h">
      <Filter>Header Files</Filter>
    </ClInclude>
    <ClInclude Include="lang.h">
      <Filter>Header Files</Filter>
    </ClInclude>
    <ClInclude Include="MainFrm.h">
      <Filter>Header Files</Filter>
    </ClInclude>
    <ClInclude Include="MdiClient.h">
      <Filter>Header Files</Filter>
    </ClInclude>
    <ClInclude Include="mdump.h">
      <Filter>Header Files</Filter>
    </ClInclude>
    <ClInclude Include="MfcFix.h">
      <Filter>Header Files</Filter>
    </ClInclude>
    <ClInclude Include="misc.h">
      <Filter>Header Files</Filter>
    </ClInclude>
    <ClInclude Include="MiscActions.h">
      <Filter>Header Files</Filter>
    </ClInclude>
    <ClInclude Include="ntfman.h">
      <Filter>Header Files</Filter>
    </ClInclude>
    <ClInclude Include="OutlookBar.h">
      <Filter>Header Files</Filter>
    </ClInclude>
    <ClInclude Include="Resource.h">
      <Filter>Header Files</Filter>
    </ClInclude>
    <ClInclude Include="SettingsWindow.h">
      <Filter>Header Files</Filter>
    </ClInclude>
    <ClInclude Include="shell.h">
      <Filter>Header Files</Filter>
    </ClInclude>
    <ClInclude Include="shellbutton.h">
      <Filter>Header Files</Filter>
    </ClInclude>
    <ClInclude Include="shellDoc.h">
      <Filter>Header Files</Filter>
    </ClInclude>
    <ClInclude Include="ShellDockBar.h">
      <Filter>Header Files</Filter>
    </ClInclude>
    <ClInclude Include="shellframe.h">
      <Filter>Header Files</Filter>
    </ClInclude>
    <ClInclude Include="ShellProgress.h">
      <Filter>Header Files</Filter>
    </ClInclude>
    <ClInclude Include="ShellStatusBar.h">
      <Filter>Header Files</Filter>
    </ClInclude>
    <ClInclude Include="ShellToolbar.h">
      <Filter>Header Files</Filter>
    </ClInclude>
    <ClInclude Include="shellView.h">
      <Filter>Header Files</Filter>
    </ClInclude>
    <ClInclude Include="SplashWindow.h">
      <Filter>Header Files</Filter>
    </ClInclude>
    <ClInclude Include="StdAfx.h">
      <Filter>Header Files</Filter>
    </ClInclude>
    <ClInclude Include="targetman.h">
      <Filter>Header Files</Filter>
    </ClInclude>
    <ClInclude Include="TETGAME.H">
      <Filter>Header Files</Filter>
    </ClInclude>
    <ClInclude Include="tetrisDlg.h">
      <Filter>Header Files</Filter>
    </ClInclude>
    <ClInclude Include="TetWindow.h">
      <Filter>Header Files</Filter>
    </ClInclude>
    <ClInclude Include="..\tools\Register\TransTable.h">
      <Filter>Header Files</Filter>
    </ClInclude>
    <ClInclude Include="VersionDlg.h">
      <Filter>Header Files</Filter>
    </ClInclude>
    <ClInclude Include="WindowActions.h">
      <Filter>Header Files</Filter>
    </ClInclude>
    <ClInclude Include="XPBarMgr.h">
      <Filter>Header Files</Filter>
    </ClInclude>
  </ItemGroup>
  <ItemGroup>
    <None Include="res\actions.bmp">
      <Filter>Resource Files</Filter>
    </None>
    <None Include="res\bitmap1.bmp">
      <Filter>Resource Files</Filter>
    </None>
    <None Include="res\bitmap2.bmp">
      <Filter>Resource Files</Filter>
    </None>
    <None Include="res\capion_buttons.bmp">
      <Filter>Resource Files</Filter>
    </None>
    <None Include="res\clisntsize.ico">
      <Filter>Resource Files</Filter>
    </None>
    <None Include="res\daemon_hid.bmp">
      <Filter>Resource Files</Filter>
    </None>
    <None Include="res\dragging.cur">
      <Filter>Resource Files</Filter>
    </None>
    <None Include="res\icr_hand.cur">
      <Filter>Resource Files</Filter>
    </None>
    <None Include="res\mousepos.ico">
      <Filter>Resource Files</Filter>
    </None>
    <None Include="res\nodraggi.cur">
      <Filter>Resource Files</Filter>
    </None>
    <None Include="res\pattern.bmp">
      <Filter>Resource Files</Filter>
    </None>
    <None Include="res\shell.ico">
      <Filter>Resource Files</Filter>
    </None>
    <None Include="res\shell.rc2">
      <Filter>Resource Files</Filter>
    </None>
    <None Include="res\shellDoc.ico">
      <Filter>Resource Files</Filter>
    </None>
    <None Include="res\slide.bmp">
      <Filter>Resource Files</Filter>
    </None>
    <None Include="res\Toolbar.bmp">
      <Filter>Resource Files</Filter>
    </None>
    <None Include="res\toolbar1.bmp">
      <Filter>Resource Files</Filter>
    </None>
    <None Include="shell.reg" />
  </ItemGroup>
  <ItemGroup>
    <CustomBuildStep Include="elevate.manifest" />
  </ItemGroup>
</Project>