<?xml version="1.0" encoding="utf-8"?>
<Project ToolsVersion="4.0" xmlns="http://schemas.microsoft.com/developer/msbuild/2003">
  <ItemGroup>
    <Filter Include="Source Files">
      <UniqueIdentifier>{aab06d75-b710-45cf-84b8-e99856432a8d}</UniqueIdentifier>
      <Extensions>cpp;c;cxx;rc;def;r;odl;idl;hpj;bat</Extensions>
    </Filter>
    <Filter Include="Header Files">
      <UniqueIdentifier>{6ccd3def-e662-42d2-95fd-01a3734c99c6}</UniqueIdentifier>
      <Extensions>h;hpp;hxx;hm;inl</Extensions>
    </Filter>
    <Filter Include="Resource Files">
      <UniqueIdentifier>{744f5cf4-821d-4012-ab04-2761773193dc}</UniqueIdentifier>
      <Extensions>ico;cur;bmp;dlg;rc2;rct;bin;rgs;gif;jpg;jpeg;jpe</Extensions>
    </Filter>
  </ItemGroup>
  <ItemGroup>
    <ClCompile Include="FileFilters.cpp">
      <Filter>Source Files</Filter>
    </ClCompile>
    <ClCompile Include="FillImageRow.c">
      <Filter>Source Files</Filter>
    </ClCompile>
    <ClCompile Include="GIFfile.cpp">
      <Filter>Source Files</Filter>
    </ClCompile>
    <ClCompile Include="ImageFileFilterBase.cpp">
      <Filter>Source Files</Filter>
    </ClCompile>
    <ClCompile Include="JPGfile.cpp">
      <Filter>Source Files</Filter>
    </ClCompile>
    <ClCompile Include="PCXfile.cpp">
      <Filter>Source Files</Filter>
    </ClCompile>
    <ClCompile Include="StdAfx.cpp">
      <Filter>Source Files</Filter>
    </ClCompile>
    <ClCompile Include="TIFfile.cpp">
      <Filter>Source Files</Filter>
    </ClCompile>
  </ItemGroup>
  <ItemGroup>
    <None Include="FileFilters.def">
      <Filter>Source Files</Filter>
    </None>
    <None Include="res\FileFilters.rc2">
      <Filter>Resource Files</Filter>
    </None>
  </ItemGroup>
  <ItemGroup>
    <Midl Include="filefilters.odl">
      <Filter>Source Files</Filter>
    </Midl>
  </ItemGroup>
  <ItemGroup>
    <ResourceCompile Include="FileFilters.rc">
      <Filter>Source Files</Filter>
    </ResourceCompile>
  </ItemGroup>
  <ItemGroup>
    <ClInclude Include="FileFilters.h">
      <Filter>Header Files</Filter>
    </ClInclude>
    <ClInclude Include="GIFfile.h">
      <Filter>Header Files</Filter>
    </ClInclude>
    <ClInclude Include="ImageFileFilterBase.h">
      <Filter>Header Files</Filter>
    </ClInclude>
    <ClInclude Include="JPGfile.h">
      <Filter>Header Files</Filter>
    </ClInclude>
    <ClInclude Include="PCXfile.h">
      <Filter>Header Files</Filter>
    </ClInclude>
    <ClInclude Include="Resource.h">
      <Filter>Header Files</Filter>
    </ClInclude>
    <ClInclude Include="StdAfx.h">
      <Filter>Header Files</Filter>
    </ClInclude>
    <ClInclude Include="TIFfile.h">
      <Filter>Header Files</Filter>
    </ClInclude>
  </ItemGroup>
</Project>