Microsoft Visual Studio Solution File, Format Version 8.00
Project("{8BC9CEB8-8B4A-11D0-8D11-00A0C91BC942}") = "StatData", "comps\MISC\Statistics\StatData\StatData.vcproj", "{9805E38B-871B-4646-B2CC-5964EFF3EAD8}"
	ProjectSection(ProjectDependencies) = postProject
		{FAAAED7F-590F-418F-AF6E-E766B6765779} = {FAAAED7F-590F-418F-AF6E-E766B6765779}
	EndProjectSection
EndProject
Project("{8BC9CEB8-8B4A-11D0-8D11-00A0C91BC942}") = "Controls2", "Controls2\Controls2.vcproj", "{FAAAED7F-590F-418F-AF6E-E766B6765779}"
	ProjectSection(ProjectDependencies) = postProject
	EndProjectSection
EndProject
Project("{8BC9CEB8-8B4A-11D0-8D11-00A0C91BC942}") = "StatUI", "comps\misc\Statistics\StatUI\StatUI.vcproj", "{C3D78587-1A88-4610-8460-B3541C9171B9}"
	ProjectSection(ProjectDependencies) = postProject
	EndProjectSection
EndProject
Project("{8BC9CEB8-8B4A-11D0-8D11-00A0C91BC942}") = "DrvCommon", "comps\misc\input\DrvCommon2\DrvCommon.vcproj", "{426DBB54-9BCA-40E2-8E63-EE765BA89479}"
	ProjectSection(ProjectDependencies) = postProject
	EndProjectSection
EndProject
Project("{8BC9CEB8-8B4A-11D0-8D11-00A0C91BC942}") = "Metall", "comps\misc\Metall\Metall.vcproj", "{AEFAC442-10B6-4DFB-87EF-999A053E1159}"
	ProjectSection(ProjectDependencies) = postProject
	EndProjectSection
EndProject
Project("{8BC9CEB8-8B4A-11D0-8D11-00A0C91BC942}") = "Stage", "comps\misc\Stage\Stage.vcproj", "{FFD1090D-6198-45BF-9A78-8EE49ABE3059}"
	ProjectSection(ProjectDependencies) = postProject
	EndProjectSection
EndProject
Project("{8BC9CEB8-8B4A-11D0-8D11-00A0C91BC942}") = "Calculator", "comps\misc\Calculator\Calculator.vcproj", "{3BC73A6F-BD37-4386-B332-0BAA00D8429B}"
	ProjectSection(ProjectDependencies) = postProject
	EndProjectSection
EndProject
Project("{8BC9CEB8-8B4A-11D0-8D11-00A0C91BC942}") = "CCam", "comps\misc\input\ccam\ccam.vcproj", "{14492B32-EE88-4BE1-8F5D-62193E8505F4}"
	ProjectSection(ProjectDependencies) = postProject
		{426DBB54-9BCA-40E2-8E63-EE765BA89479} = {426DBB54-9BCA-40E2-8E63-EE765BA89479}
	EndProjectSection
EndProject
Project("{8BC9CEB8-8B4A-11D0-8D11-00A0C91BC942}") = "PhaseAnalysis", "comps\misc\PhaseAnalysis\PhaseAnalysis.vcproj", "{5EC0E3ED-17D3-4B41-BFAC-462ECE92A386}"
	ProjectSection(ProjectDependencies) = postProject
	EndProjectSection
EndProject
Project("{8BC9CEB8-8B4A-11D0-8D11-00A0C91BC942}") = "PhaseMeasure", "comps\misc\PhaseMeasure\PhaseMeasure.vcproj", "{81CEADD8-0C5E-41C1-AE5B-4035B56D24BD}"
	ProjectSection(ProjectDependencies) = postProject
	EndProjectSection
EndProject
Project("{8BC9CEB8-8B4A-11D0-8D11-00A0C91BC942}") = "Storage", "comps\docs\Storage\Storage.vcproj", "{B6C88110-D071-4598-8A40-75B8EFDAF540}"
	ProjectSection(ProjectDependencies) = postProject
	EndProjectSection
EndProject
Project("{8BC9CEB8-8B4A-11D0-8D11-00A0C91BC942}") = "MeasCtrls", "controls\MeasCtrls\MeasCtrls.vcproj", "{8D5DBD83-A9A4-4ABA-BBCE-426C328B173D}"
	ProjectSection(ProjectDependencies) = postProject
	EndProjectSection
EndProject
Project("{8BC9CEB8-8B4A-11D0-8D11-00A0C91BC942}") = "VTTable", "controls\VTTable\VTTable.vcproj", "{154A2CB5-7007-4208-87A9-30006B147C08}"
	ProjectSection(ProjectDependencies) = postProject
	EndProjectSection
EndProject
Project("{8BC9CEB8-8B4A-11D0-8D11-00A0C91BC942}") = "Metodics", "comps\general\Metodics\Metodics.vcproj", "{078DFD02-1444-4A89-8D40-8900198BC305}"
	ProjectSection(ProjectDependencies) = postProject
	EndProjectSection
EndProject
Project("{8BC9CEB8-8B4A-11D0-8D11-00A0C91BC942}") = "Scionfg", "comps\misc\input\Scionfg\Scionfg.vcproj", "{68884738-B779-4003-AD03-A1CF3F1F7C16}"
	ProjectSection(ProjectDependencies) = postProject
	EndProjectSection
EndProject
Project("{8BC9CEB8-8B4A-11D0-8D11-00A0C91BC942}") = "TestMan", "comps\MISC\TestMan\TestMan.vcproj", "{1B9E6E30-28FE-4CA4-A59C-51F5F72194E7}"
	ProjectSection(ProjectDependencies) = postProject
	EndProjectSection
EndProject
Project("{8BC9CEB8-8B4A-11D0-8D11-00A0C91BC942}") = "MacroRecorder", "comps\misc\MacroRecorder\MacroRecorder.vcproj", "{A30DE333-CC96-46D8-9445-043BD9CA63B1}"
	ProjectSection(ProjectDependencies) = postProject
	EndProjectSection
EndProject
Project("{8BC9CEB8-8B4A-11D0-8D11-00A0C91BC942}") = "TestUI", "comps\misc\TestUI\TestUI.vcproj", "{093B22C7-896A-4C33-BE70-69A4DB3296D6}"
	ProjectSection(ProjectDependencies) = postProject
	EndProjectSection
EndProject
Project("{8BC9CEB8-8B4A-11D0-8D11-00A0C91BC942}") = "crypto", "crypto\crypto.vcproj", "{D60259C9-BADA-4763-936C-0F5DC713C4A3}"
	ProjectSection(ProjectDependencies) = postProject
	EndProjectSection
EndProject
Project("{8BC9CEB8-8B4A-11D0-8D11-00A0C91BC942}") = "Signature", "tools\Signature\Signature.vcproj", "{561355E3-9253-413F-9F8E-A32DADEA71DB}"
	ProjectSection(ProjectDependencies) = postProject
		{D60259C9-BADA-4763-936C-0F5DC713C4A3} = {D60259C9-BADA-4763-936C-0F5DC713C4A3}
	EndProjectSection
EndProject
Project("{8BC9CEB8-8B4A-11D0-8D11-00A0C91BC942}") = "ProgRes", "comps\misc\input\ProgRes\ProgRes.vcproj", "{89F3848A-0737-4C60-9888-9C46316BD826}"
	ProjectSection(ProjectDependencies) = postProject
	EndProjectSection
EndProject
Project("{8BC9CEB8-8B4A-11D0-8D11-00A0C91BC942}") = "Hamamatsu", "comps\misc\input\Hamamatsu\Hamamatsu.vcproj", "{65FC2665-3DFE-4C97-BC0B-17F6CD295E8C}"
	ProjectSection(ProjectDependencies) = postProject
	EndProjectSection
EndProject
Project("{8BC9CEB8-8B4A-11D0-8D11-00A0C91BC942}") = "BaumerBx", "comps\misc\input\BaumerBx\BaumerBx.vcproj", "{F0CA4019-C8B1-4AA4-801E-3262E75D8C09}"
	ProjectSection(ProjectDependencies) = postProject
	EndProjectSection
EndProject
Project("{8BC9CEB8-8B4A-11D0-8D11-00A0C91BC942}") = "brex", "comps\misc\brex\brex.vcproj", "{7AF33065-4C86-4C85-8E9C-FD19327CD38C}"
	ProjectSection(ProjectDependencies) = postProject
	EndProjectSection
EndProject
Project("{8BC9CEB8-8B4A-11D0-8D11-00A0C91BC942}") = "Sumix", "comps\MISC\input\Sumix\Sumix.vcproj", "{CFF9863E-CA58-4DCC-AD8F-FBF88DC2157B}"
	ProjectSection(ProjectDependencies) = postProject
	EndProjectSection
EndProject
Project("{8BC9CEB8-8B4A-11D0-8D11-00A0C91BC942}") = "Freeze", "comps\MISC\TestFreeze\TestFreeze.vcproj", "{5EC0E3ED-17D3-4B41-BFAC-462ECE92A386}"
	ProjectSection(ProjectDependencies) = postProject
	EndProjectSection
EndProject
Project("{8BC9CEB8-8B4A-11D0-8D11-00A0C91BC942}") = "glib", "comps\MISC\glib\glib.vcproj", "{4004CBE6-9A3F-4497-A8D8-B579C75D3DED}"
	ProjectSection(ProjectDependencies) = postProject
	EndProjectSection
EndProject
Project("{8BC9CEB8-8B4A-11D0-8D11-00A0C91BC942}") = "Charts", "comps\misc\Charts\Charts.vcproj", "{D7F4B858-19A0-4902-A989-18F56EE88F05}"
	ProjectSection(ProjectDependencies) = postProject
	EndProjectSection
EndProject
Project("{8BC9CEB8-8B4A-11D0-8D11-00A0C91BC942}") = "shell", "shell\shell.vcproj", "{F6428C6C-8CDE-4A7C-8CE6-90CDCBF98768}"
	ProjectSection(ProjectDependencies) = postProject
	EndProjectSection
EndProject
Global
	GlobalSection(SolutionConfiguration) = preSolution
		_Full DEBUG = _Full DEBUG
		Debug = Debug
		Debug 9x = Debug 9x
		DEMOVERSION = DEMOVERSION
		English Release = English Release
		German Release = German Release
		Release = Release
		Release 9x = Release 9x
		Release1 = Release1
		Russian Release = Russian Release
		WinNT Debug = WinNT Debug
		WinNT Release = WinNT Release
	EndGlobalSection
	GlobalSection(ProjectConfiguration) = postSolution
		{9805E38B-871B-4646-B2CC-5964EFF3EAD8}._Full DEBUG.ActiveCfg = Release|Win32
		{9805E38B-871B-4646-B2CC-5964EFF3EAD8}._Full DEBUG.Build.0 = Release|Win32
		{9805E38B-871B-4646-B2CC-5964EFF3EAD8}.Debug.ActiveCfg = Debug|Win32
		{9805E38B-871B-4646-B2CC-5964EFF3EAD8}.Debug 9x.ActiveCfg = Debug|Win32
		{9805E38B-871B-4646-B2CC-5964EFF3EAD8}.Debug 9x.Build.0 = Debug|Win32
		{9805E38B-871B-4646-B2CC-5964EFF3EAD8}.DEMOVERSION.ActiveCfg = Debug|Win32
		{9805E38B-871B-4646-B2CC-5964EFF3EAD8}.English Release.ActiveCfg = Release|Win32
		{9805E38B-871B-4646-B2CC-5964EFF3EAD8}.English Release.Build.0 = Release|Win32
		{9805E38B-871B-4646-B2CC-5964EFF3EAD8}.German Release.ActiveCfg = Release|Win32
		{9805E38B-871B-4646-B2CC-5964EFF3EAD8}.German Release.Build.0 = Release|Win32
		{9805E38B-871B-4646-B2CC-5964EFF3EAD8}.Release.ActiveCfg = Release|Win32
		{9805E38B-871B-4646-B2CC-5964EFF3EAD8}.Release 9x.ActiveCfg = Release|Win32
		{9805E38B-871B-4646-B2CC-5964EFF3EAD8}.Release 9x.Build.0 = Release|Win32
		{9805E38B-871B-4646-B2CC-5964EFF3EAD8}.Release1.ActiveCfg = Release|Win32
		{9805E38B-871B-4646-B2CC-5964EFF3EAD8}.Release1.Build.0 = Release|Win32
		{9805E38B-871B-4646-B2CC-5964EFF3EAD8}.Russian Release.ActiveCfg = Release|Win32
		{9805E38B-871B-4646-B2CC-5964EFF3EAD8}.Russian Release.Build.0 = Release|Win32
		{9805E38B-871B-4646-B2CC-5964EFF3EAD8}.WinNT Debug.ActiveCfg = Debug|Win32
		{9805E38B-871B-4646-B2CC-5964EFF3EAD8}.WinNT Debug.Build.0 = Debug|Win32
		{9805E38B-871B-4646-B2CC-5964EFF3EAD8}.WinNT Release.ActiveCfg = Release|Win32
		{9805E38B-871B-4646-B2CC-5964EFF3EAD8}.WinNT Release.Build.0 = Release|Win32
		{FAAAED7F-590F-418F-AF6E-E766B6765779}._Full DEBUG.ActiveCfg = Release|Win32
		{FAAAED7F-590F-418F-AF6E-E766B6765779}._Full DEBUG.Build.0 = Release|Win32
		{FAAAED7F-590F-418F-AF6E-E766B6765779}.Debug.ActiveCfg = Debug|Win32
		{FAAAED7F-590F-418F-AF6E-E766B6765779}.Debug 9x.ActiveCfg = Debug|Win32
		{FAAAED7F-590F-418F-AF6E-E766B6765779}.Debug 9x.Build.0 = Debug|Win32
		{FAAAED7F-590F-418F-AF6E-E766B6765779}.DEMOVERSION.ActiveCfg = Debug|Win32
		{FAAAED7F-590F-418F-AF6E-E766B6765779}.English Release.ActiveCfg = Release|Win32
		{FAAAED7F-590F-418F-AF6E-E766B6765779}.English Release.Build.0 = Release|Win32
		{FAAAED7F-590F-418F-AF6E-E766B6765779}.German Release.ActiveCfg = Release|Win32
		{FAAAED7F-590F-418F-AF6E-E766B6765779}.German Release.Build.0 = Release|Win32
		{FAAAED7F-590F-418F-AF6E-E766B6765779}.Release.ActiveCfg = Release|Win32
		{FAAAED7F-590F-418F-AF6E-E766B6765779}.Release 9x.ActiveCfg = Release|Win32
		{FAAAED7F-590F-418F-AF6E-E766B6765779}.Release 9x.Build.0 = Release|Win32
		{FAAAED7F-590F-418F-AF6E-E766B6765779}.Release1.ActiveCfg = Release|Win32
		{FAAAED7F-590F-418F-AF6E-E766B6765779}.Release1.Build.0 = Release|Win32
		{FAAAED7F-590F-418F-AF6E-E766B6765779}.Russian Release.ActiveCfg = Release|Win32
		{FAAAED7F-590F-418F-AF6E-E766B6765779}.Russian Release.Build.0 = Release|Win32
		{FAAAED7F-590F-418F-AF6E-E766B6765779}.WinNT Debug.ActiveCfg = Debug|Win32
		{FAAAED7F-590F-418F-AF6E-E766B6765779}.WinNT Debug.Build.0 = Debug|Win32
		{FAAAED7F-590F-418F-AF6E-E766B6765779}.WinNT Release.ActiveCfg = Release|Win32
		{FAAAED7F-590F-418F-AF6E-E766B6765779}.WinNT Release.Build.0 = Release|Win32
		{C3D78587-1A88-4610-8460-B3541C9171B9}._Full DEBUG.ActiveCfg = Release|Win32
		{C3D78587-1A88-4610-8460-B3541C9171B9}._Full DEBUG.Build.0 = Release|Win32
		{C3D78587-1A88-4610-8460-B3541C9171B9}.Debug.ActiveCfg = Debug|Win32
		{C3D78587-1A88-4610-8460-B3541C9171B9}.Debug 9x.ActiveCfg = Debug|Win32
		{C3D78587-1A88-4610-8460-B3541C9171B9}.Debug 9x.Build.0 = Debug|Win32
		{C3D78587-1A88-4610-8460-B3541C9171B9}.DEMOVERSION.ActiveCfg = Debug|Win32
		{C3D78587-1A88-4610-8460-B3541C9171B9}.English Release.ActiveCfg = Release|Win32
		{C3D78587-1A88-4610-8460-B3541C9171B9}.English Release.Build.0 = Release|Win32
		{C3D78587-1A88-4610-8460-B3541C9171B9}.German Release.ActiveCfg = Release|Win32
		{C3D78587-1A88-4610-8460-B3541C9171B9}.German Release.Build.0 = Release|Win32
		{C3D78587-1A88-4610-8460-B3541C9171B9}.Release.ActiveCfg = Release|Win32
		{C3D78587-1A88-4610-8460-B3541C9171B9}.Release 9x.ActiveCfg = Release|Win32
		{C3D78587-1A88-4610-8460-B3541C9171B9}.Release 9x.Build.0 = Release|Win32
		{C3D78587-1A88-4610-8460-B3541C9171B9}.Release1.ActiveCfg = Release|Win32
		{C3D78587-1A88-4610-8460-B3541C9171B9}.Release1.Build.0 = Release|Win32
		{C3D78587-1A88-4610-8460-B3541C9171B9}.Russian Release.ActiveCfg = Release|Win32
		{C3D78587-1A88-4610-8460-B3541C9171B9}.Russian Release.Build.0 = Release|Win32
		{C3D78587-1A88-4610-8460-B3541C9171B9}.WinNT Debug.ActiveCfg = Debug|Win32
		{C3D78587-1A88-4610-8460-B3541C9171B9}.WinNT Debug.Build.0 = Debug|Win32
		{C3D78587-1A88-4610-8460-B3541C9171B9}.WinNT Release.ActiveCfg = Release|Win32
		{C3D78587-1A88-4610-8460-B3541C9171B9}.WinNT Release.Build.0 = Release|Win32
		{426DBB54-9BCA-40E2-8E63-EE765BA89479}._Full DEBUG.ActiveCfg = Release|Win32
		{426DBB54-9BCA-40E2-8E63-EE765BA89479}._Full DEBUG.Build.0 = Release|Win32
		{426DBB54-9BCA-40E2-8E63-EE765BA89479}.Debug.ActiveCfg = Debug|Win32
		{426DBB54-9BCA-40E2-8E63-EE765BA89479}.Debug 9x.ActiveCfg = Debug|Win32
		{426DBB54-9BCA-40E2-8E63-EE765BA89479}.Debug 9x.Build.0 = Debug|Win32
		{426DBB54-9BCA-40E2-8E63-EE765BA89479}.DEMOVERSION.ActiveCfg = Debug|Win32
		{426DBB54-9BCA-40E2-8E63-EE765BA89479}.English Release.ActiveCfg = Release|Win32
		{426DBB54-9BCA-40E2-8E63-EE765BA89479}.English Release.Build.0 = Release|Win32
		{426DBB54-9BCA-40E2-8E63-EE765BA89479}.German Release.ActiveCfg = Release|Win32
		{426DBB54-9BCA-40E2-8E63-EE765BA89479}.German Release.Build.0 = Release|Win32
		{426DBB54-9BCA-40E2-8E63-EE765BA89479}.Release.ActiveCfg = Release|Win32
		{426DBB54-9BCA-40E2-8E63-EE765BA89479}.Release 9x.ActiveCfg = Release|Win32
		{426DBB54-9BCA-40E2-8E63-EE765BA89479}.Release 9x.Build.0 = Release|Win32
		{426DBB54-9BCA-40E2-8E63-EE765BA89479}.Release1.ActiveCfg = Release|Win32
		{426DBB54-9BCA-40E2-8E63-EE765BA89479}.Release1.Build.0 = Release|Win32
		{426DBB54-9BCA-40E2-8E63-EE765BA89479}.Russian Release.ActiveCfg = Release|Win32
		{426DBB54-9BCA-40E2-8E63-EE765BA89479}.Russian Release.Build.0 = Release|Win32
		{426DBB54-9BCA-40E2-8E63-EE765BA89479}.WinNT Debug.ActiveCfg = Debug|Win32
		{426DBB54-9BCA-40E2-8E63-EE765BA89479}.WinNT Debug.Build.0 = Debug|Win32
		{426DBB54-9BCA-40E2-8E63-EE765BA89479}.WinNT Release.ActiveCfg = Release|Win32
		{426DBB54-9BCA-40E2-8E63-EE765BA89479}.WinNT Release.Build.0 = Release|Win32
		{AEFAC442-10B6-4DFB-87EF-999A053E1159}._Full DEBUG.ActiveCfg = Release|Win32
		{AEFAC442-10B6-4DFB-87EF-999A053E1159}._Full DEBUG.Build.0 = Release|Win32
		{AEFAC442-10B6-4DFB-87EF-999A053E1159}.Debug.ActiveCfg = Debug|Win32
		{AEFAC442-10B6-4DFB-87EF-999A053E1159}.Debug 9x.ActiveCfg = Debug|Win32
		{AEFAC442-10B6-4DFB-87EF-999A053E1159}.Debug 9x.Build.0 = Debug|Win32
		{AEFAC442-10B6-4DFB-87EF-999A053E1159}.DEMOVERSION.ActiveCfg = Debug|Win32
		{AEFAC442-10B6-4DFB-87EF-999A053E1159}.English Release.ActiveCfg = Release|Win32
		{AEFAC442-10B6-4DFB-87EF-999A053E1159}.English Release.Build.0 = Release|Win32
		{AEFAC442-10B6-4DFB-87EF-999A053E1159}.German Release.ActiveCfg = Release|Win32
		{AEFAC442-10B6-4DFB-87EF-999A053E1159}.German Release.Build.0 = Release|Win32
		{AEFAC442-10B6-4DFB-87EF-999A053E1159}.Release.ActiveCfg = Release|Win32
		{AEFAC442-10B6-4DFB-87EF-999A053E1159}.Release 9x.ActiveCfg = Release|Win32
		{AEFAC442-10B6-4DFB-87EF-999A053E1159}.Release 9x.Build.0 = Release|Win32
		{AEFAC442-10B6-4DFB-87EF-999A053E1159}.Release1.ActiveCfg = Release|Win32
		{AEFAC442-10B6-4DFB-87EF-999A053E1159}.Release1.Build.0 = Release|Win32
		{AEFAC442-10B6-4DFB-87EF-999A053E1159}.Russian Release.ActiveCfg = Release|Win32
		{AEFAC442-10B6-4DFB-87EF-999A053E1159}.Russian Release.Build.0 = Release|Win32
		{AEFAC442-10B6-4DFB-87EF-999A053E1159}.WinNT Debug.ActiveCfg = Debug|Win32
		{AEFAC442-10B6-4DFB-87EF-999A053E1159}.WinNT Debug.Build.0 = Debug|Win32
		{AEFAC442-10B6-4DFB-87EF-999A053E1159}.WinNT Release.ActiveCfg = Release|Win32
		{AEFAC442-10B6-4DFB-87EF-999A053E1159}.WinNT Release.Build.0 = Release|Win32
		{FFD1090D-6198-45BF-9A78-8EE49ABE3059}._Full DEBUG.ActiveCfg = Release|Win32
		{FFD1090D-6198-45BF-9A78-8EE49ABE3059}._Full DEBUG.Build.0 = Release|Win32
		{FFD1090D-6198-45BF-9A78-8EE49ABE3059}.Debug.ActiveCfg = Debug|Win32
		{FFD1090D-6198-45BF-9A78-8EE49ABE3059}.Debug 9x.ActiveCfg = Debug|Win32
		{FFD1090D-6198-45BF-9A78-8EE49ABE3059}.Debug 9x.Build.0 = Debug|Win32
		{FFD1090D-6198-45BF-9A78-8EE49ABE3059}.DEMOVERSION.ActiveCfg = Debug|Win32
		{FFD1090D-6198-45BF-9A78-8EE49ABE3059}.English Release.ActiveCfg = Release|Win32
		{FFD1090D-6198-45BF-9A78-8EE49ABE3059}.English Release.Build.0 = Release|Win32
		{FFD1090D-6198-45BF-9A78-8EE49ABE3059}.German Release.ActiveCfg = Release|Win32
		{FFD1090D-6198-45BF-9A78-8EE49ABE3059}.German Release.Build.0 = Release|Win32
		{FFD1090D-6198-45BF-9A78-8EE49ABE3059}.Release.ActiveCfg = Release|Win32
		{FFD1090D-6198-45BF-9A78-8EE49ABE3059}.Release 9x.ActiveCfg = Release|Win32
		{FFD1090D-6198-45BF-9A78-8EE49ABE3059}.Release 9x.Build.0 = Release|Win32
		{FFD1090D-6198-45BF-9A78-8EE49ABE3059}.Release1.ActiveCfg = Release|Win32
		{FFD1090D-6198-45BF-9A78-8EE49ABE3059}.Release1.Build.0 = Release|Win32
		{FFD1090D-6198-45BF-9A78-8EE49ABE3059}.Russian Release.ActiveCfg = Release|Win32
		{FFD1090D-6198-45BF-9A78-8EE49ABE3059}.Russian Release.Build.0 = Release|Win32
		{FFD1090D-6198-45BF-9A78-8EE49ABE3059}.WinNT Debug.ActiveCfg = Debug|Win32
		{FFD1090D-6198-45BF-9A78-8EE49ABE3059}.WinNT Debug.Build.0 = Debug|Win32
		{FFD1090D-6198-45BF-9A78-8EE49ABE3059}.WinNT Release.ActiveCfg = Release|Win32
		{FFD1090D-6198-45BF-9A78-8EE49ABE3059}.WinNT Release.Build.0 = Release|Win32
		{3BC73A6F-BD37-4386-B332-0BAA00D8429B}._Full DEBUG.ActiveCfg = Release|Win32
		{3BC73A6F-BD37-4386-B332-0BAA00D8429B}._Full DEBUG.Build.0 = Release|Win32
		{3BC73A6F-BD37-4386-B332-0BAA00D8429B}.Debug.ActiveCfg = Debug|Win32
		{3BC73A6F-BD37-4386-B332-0BAA00D8429B}.Debug 9x.ActiveCfg = Debug|Win32
		{3BC73A6F-BD37-4386-B332-0BAA00D8429B}.Debug 9x.Build.0 = Debug|Win32
		{3BC73A6F-BD37-4386-B332-0BAA00D8429B}.DEMOVERSION.ActiveCfg = Debug|Win32
		{3BC73A6F-BD37-4386-B332-0BAA00D8429B}.DEMOVERSION.Build.0 = Debug|Win32
		{3BC73A6F-BD37-4386-B332-0BAA00D8429B}.English Release.ActiveCfg = Release|Win32
		{3BC73A6F-BD37-4386-B332-0BAA00D8429B}.English Release.Build.0 = Release|Win32
		{3BC73A6F-BD37-4386-B332-0BAA00D8429B}.German Release.ActiveCfg = Release|Win32
		{3BC73A6F-BD37-4386-B332-0BAA00D8429B}.German Release.Build.0 = Release|Win32
		{3BC73A6F-BD37-4386-B332-0BAA00D8429B}.Release.ActiveCfg = Release|Win32
		{3BC73A6F-BD37-4386-B332-0BAA00D8429B}.Release 9x.ActiveCfg = Release|Win32
		{3BC73A6F-BD37-4386-B332-0BAA00D8429B}.Release 9x.Build.0 = Release|Win32
		{3BC73A6F-BD37-4386-B332-0BAA00D8429B}.Release1.ActiveCfg = Release|Win32
		{3BC73A6F-BD37-4386-B332-0BAA00D8429B}.Release1.Build.0 = Release|Win32
		{3BC73A6F-BD37-4386-B332-0BAA00D8429B}.Russian Release.ActiveCfg = Release|Win32
		{3BC73A6F-BD37-4386-B332-0BAA00D8429B}.Russian Release.Build.0 = Release|Win32
		{3BC73A6F-BD37-4386-B332-0BAA00D8429B}.WinNT Debug.ActiveCfg = Debug|Win32
		{3BC73A6F-BD37-4386-B332-0BAA00D8429B}.WinNT Debug.Build.0 = Debug|Win32
		{3BC73A6F-BD37-4386-B332-0BAA00D8429B}.WinNT Release.ActiveCfg = Release|Win32
		{3BC73A6F-BD37-4386-B332-0BAA00D8429B}.WinNT Release.Build.0 = Release|Win32
		{14492B32-EE88-4BE1-8F5D-62193E8505F4}._Full DEBUG.ActiveCfg = Debug|Win32
		{14492B32-EE88-4BE1-8F5D-62193E8505F4}._Full DEBUG.Build.0 = Debug|Win32
		{14492B32-EE88-4BE1-8F5D-62193E8505F4}.Debug.ActiveCfg = Debug|Win32
		{14492B32-EE88-4BE1-8F5D-62193E8505F4}.Debug 9x.ActiveCfg = Debug|Win32
		{14492B32-EE88-4BE1-8F5D-62193E8505F4}.Debug 9x.Build.0 = Debug|Win32
		{14492B32-EE88-4BE1-8F5D-62193E8505F4}.DEMOVERSION.ActiveCfg = Debug|Win32
		{14492B32-EE88-4BE1-8F5D-62193E8505F4}.DEMOVERSION.Build.0 = Debug|Win32
		{14492B32-EE88-4BE1-8F5D-62193E8505F4}.English Release.ActiveCfg = Release|Win32
		{14492B32-EE88-4BE1-8F5D-62193E8505F4}.English Release.Build.0 = Release|Win32
		{14492B32-EE88-4BE1-8F5D-62193E8505F4}.German Release.ActiveCfg = Release|Win32
		{14492B32-EE88-4BE1-8F5D-62193E8505F4}.German Release.Build.0 = Release|Win32
		{14492B32-EE88-4BE1-8F5D-62193E8505F4}.Release.ActiveCfg = Release|Win32
		{14492B32-EE88-4BE1-8F5D-62193E8505F4}.Release 9x.ActiveCfg = Release|Win32
		{14492B32-EE88-4BE1-8F5D-62193E8505F4}.Release 9x.Build.0 = Release|Win32
		{14492B32-EE88-4BE1-8F5D-62193E8505F4}.Release1.ActiveCfg = Release|Win32
		{14492B32-EE88-4BE1-8F5D-62193E8505F4}.Release1.Build.0 = Release|Win32
		{14492B32-EE88-4BE1-8F5D-62193E8505F4}.Russian Release.ActiveCfg = Russian Release|Win32
		{14492B32-EE88-4BE1-8F5D-62193E8505F4}.Russian Release.Build.0 = Russian Release|Win32
		{14492B32-EE88-4BE1-8F5D-62193E8505F4}.WinNT Debug.ActiveCfg = Debug|Win32
		{14492B32-EE88-4BE1-8F5D-62193E8505F4}.WinNT Debug.Build.0 = Debug|Win32
		{14492B32-EE88-4BE1-8F5D-62193E8505F4}.WinNT Release.ActiveCfg = Release|Win32
		{14492B32-EE88-4BE1-8F5D-62193E8505F4}.WinNT Release.Build.0 = Release|Win32
		{5EC0E3ED-17D3-4B41-BFAC-462ECE92A386}._Full DEBUG.ActiveCfg = Release|Win32
		{5EC0E3ED-17D3-4B41-BFAC-462ECE92A386}._Full DEBUG.Build.0 = Release|Win32
		{5EC0E3ED-17D3-4B41-BFAC-462ECE92A386}.Debug.ActiveCfg = Debug|Win32
		{5EC0E3ED-17D3-4B41-BFAC-462ECE92A386}.Debug 9x.ActiveCfg = Debug|Win32
		{5EC0E3ED-17D3-4B41-BFAC-462ECE92A386}.Debug 9x.Build.0 = Debug|Win32
		{5EC0E3ED-17D3-4B41-BFAC-462ECE92A386}.DEMOVERSION.ActiveCfg = Debug|Win32
		{5EC0E3ED-17D3-4B41-BFAC-462ECE92A386}.DEMOVERSION.Build.0 = Debug|Win32
		{5EC0E3ED-17D3-4B41-BFAC-462ECE92A386}.English Release.ActiveCfg = Release|Win32
		{5EC0E3ED-17D3-4B41-BFAC-462ECE92A386}.English Release.Build.0 = Release|Win32
		{5EC0E3ED-17D3-4B41-BFAC-462ECE92A386}.German Release.ActiveCfg = Release|Win32
		{5EC0E3ED-17D3-4B41-BFAC-462ECE92A386}.German Release.Build.0 = Release|Win32
		{5EC0E3ED-17D3-4B41-BFAC-462ECE92A386}.Release.ActiveCfg = Release|Win32
		{5EC0E3ED-17D3-4B41-BFAC-462ECE92A386}.Release 9x.ActiveCfg = Release|Win32
		{5EC0E3ED-17D3-4B41-BFAC-462ECE92A386}.Release 9x.Build.0 = Release|Win32
		{5EC0E3ED-17D3-4B41-BFAC-462ECE92A386}.Release1.ActiveCfg = Release|Win32
		{5EC0E3ED-17D3-4B41-BFAC-462ECE92A386}.Release1.Build.0 = Release|Win32
		{5EC0E3ED-17D3-4B41-BFAC-462ECE92A386}.Russian Release.ActiveCfg = Release|Win32
		{5EC0E3ED-17D3-4B41-BFAC-462ECE92A386}.Russian Release.Build.0 = Release|Win32
		{5EC0E3ED-17D3-4B41-BFAC-462ECE92A386}.WinNT Debug.ActiveCfg = Debug|Win32
		{5EC0E3ED-17D3-4B41-BFAC-462ECE92A386}.WinNT Debug.Build.0 = Debug|Win32
		{5EC0E3ED-17D3-4B41-BFAC-462ECE92A386}.WinNT Release.ActiveCfg = Release|Win32
		{5EC0E3ED-17D3-4B41-BFAC-462ECE92A386}.WinNT Release.Build.0 = Release|Win32
		{81CEADD8-0C5E-41C1-AE5B-4035B56D24BD}._Full DEBUG.ActiveCfg = Release|Win32
		{81CEADD8-0C5E-41C1-AE5B-4035B56D24BD}._Full DEBUG.Build.0 = Release|Win32
		{81CEADD8-0C5E-41C1-AE5B-4035B56D24BD}.Debug.ActiveCfg = Debug|Win32
		{81CEADD8-0C5E-41C1-AE5B-4035B56D24BD}.Debug 9x.ActiveCfg = Debug|Win32
		{81CEADD8-0C5E-41C1-AE5B-4035B56D24BD}.Debug 9x.Build.0 = Debug|Win32
		{81CEADD8-0C5E-41C1-AE5B-4035B56D24BD}.DEMOVERSION.ActiveCfg = Debug|Win32
		{81CEADD8-0C5E-41C1-AE5B-4035B56D24BD}.English Release.ActiveCfg = Release|Win32
		{81CEADD8-0C5E-41C1-AE5B-4035B56D24BD}.English Release.Build.0 = Release|Win32
		{81CEADD8-0C5E-41C1-AE5B-4035B56D24BD}.German Release.ActiveCfg = Release|Win32
		{81CEADD8-0C5E-41C1-AE5B-4035B56D24BD}.German Release.Build.0 = Release|Win32
		{81CEADD8-0C5E-41C1-AE5B-4035B56D24BD}.Release.ActiveCfg = Release|Win32
		{81CEADD8-0C5E-41C1-AE5B-4035B56D24BD}.Release 9x.ActiveCfg = Release|Win32
		{81CEADD8-0C5E-41C1-AE5B-4035B56D24BD}.Release 9x.Build.0 = Release|Win32
		{81CEADD8-0C5E-41C1-AE5B-4035B56D24BD}.Release1.ActiveCfg = Release|Win32
		{81CEADD8-0C5E-41C1-AE5B-4035B56D24BD}.Release1.Build.0 = Release|Win32
		{81CEADD8-0C5E-41C1-AE5B-4035B56D24BD}.Russian Release.ActiveCfg = Release|Win32
		{81CEADD8-0C5E-41C1-AE5B-4035B56D24BD}.Russian Release.Build.0 = Release|Win32
		{81CEADD8-0C5E-41C1-AE5B-4035B56D24BD}.WinNT Debug.ActiveCfg = Debug|Win32
		{81CEADD8-0C5E-41C1-AE5B-4035B56D24BD}.WinNT Debug.Build.0 = Debug|Win32
		{81CEADD8-0C5E-41C1-AE5B-4035B56D24BD}.WinNT Release.ActiveCfg = Release|Win32
		{81CEADD8-0C5E-41C1-AE5B-4035B56D24BD}.WinNT Release.Build.0 = Release|Win32
		{B6C88110-D071-4598-8A40-75B8EFDAF540}._Full DEBUG.ActiveCfg = Release|Win32
		{B6C88110-D071-4598-8A40-75B8EFDAF540}._Full DEBUG.Build.0 = Release|Win32
		{B6C88110-D071-4598-8A40-75B8EFDAF540}.Debug.ActiveCfg = Debug|Win32
		{B6C88110-D071-4598-8A40-75B8EFDAF540}.Debug 9x.ActiveCfg = Debug|Win32
		{B6C88110-D071-4598-8A40-75B8EFDAF540}.Debug 9x.Build.0 = Debug|Win32
		{B6C88110-D071-4598-8A40-75B8EFDAF540}.DEMOVERSION.ActiveCfg = Debug|Win32
		{B6C88110-D071-4598-8A40-75B8EFDAF540}.English Release.ActiveCfg = Release|Win32
		{B6C88110-D071-4598-8A40-75B8EFDAF540}.English Release.Build.0 = Release|Win32
		{B6C88110-D071-4598-8A40-75B8EFDAF540}.German Release.ActiveCfg = Release|Win32
		{B6C88110-D071-4598-8A40-75B8EFDAF540}.German Release.Build.0 = Release|Win32
		{B6C88110-D071-4598-8A40-75B8EFDAF540}.Release.ActiveCfg = Release|Win32
		{B6C88110-D071-4598-8A40-75B8EFDAF540}.Release 9x.ActiveCfg = Release|Win32
		{B6C88110-D071-4598-8A40-75B8EFDAF540}.Release 9x.Build.0 = Release|Win32
		{B6C88110-D071-4598-8A40-75B8EFDAF540}.Release1.ActiveCfg = Release|Win32
		{B6C88110-D071-4598-8A40-75B8EFDAF540}.Release1.Build.0 = Release|Win32
		{B6C88110-D071-4598-8A40-75B8EFDAF540}.Russian Release.ActiveCfg = Release|Win32
		{B6C88110-D071-4598-8A40-75B8EFDAF540}.Russian Release.Build.0 = Release|Win32
		{B6C88110-D071-4598-8A40-75B8EFDAF540}.WinNT Debug.ActiveCfg = Debug|Win32
		{B6C88110-D071-4598-8A40-75B8EFDAF540}.WinNT Debug.Build.0 = Debug|Win32
		{B6C88110-D071-4598-8A40-75B8EFDAF540}.WinNT Release.ActiveCfg = Release|Win32
		{B6C88110-D071-4598-8A40-75B8EFDAF540}.WinNT Release.Build.0 = Release|Win32
		{8D5DBD83-A9A4-4ABA-BBCE-426C328B173D}._Full DEBUG.ActiveCfg = Release|Win32
		{8D5DBD83-A9A4-4ABA-BBCE-426C328B173D}._Full DEBUG.Build.0 = Release|Win32
		{8D5DBD83-A9A4-4ABA-BBCE-426C328B173D}.Debug.ActiveCfg = Debug|Win32
		{8D5DBD83-A9A4-4ABA-BBCE-426C328B173D}.Debug 9x.ActiveCfg = Debug|Win32
		{8D5DBD83-A9A4-4ABA-BBCE-426C328B173D}.Debug 9x.Build.0 = Debug|Win32
		{8D5DBD83-A9A4-4ABA-BBCE-426C328B173D}.DEMOVERSION.ActiveCfg = Debug|Win32
		{8D5DBD83-A9A4-4ABA-BBCE-426C328B173D}.English Release.ActiveCfg = Release|Win32
		{8D5DBD83-A9A4-4ABA-BBCE-426C328B173D}.English Release.Build.0 = Release|Win32
		{8D5DBD83-A9A4-4ABA-BBCE-426C328B173D}.German Release.ActiveCfg = Release|Win32
		{8D5DBD83-A9A4-4ABA-BBCE-426C328B173D}.German Release.Build.0 = Release|Win32
		{8D5DBD83-A9A4-4ABA-BBCE-426C328B173D}.Release.ActiveCfg = Release|Win32
		{8D5DBD83-A9A4-4ABA-BBCE-426C328B173D}.Release 9x.ActiveCfg = Release|Win32
		{8D5DBD83-A9A4-4ABA-BBCE-426C328B173D}.Release 9x.Build.0 = Release|Win32
		{8D5DBD83-A9A4-4ABA-BBCE-426C328B173D}.Release1.ActiveCfg = Release|Win32
		{8D5DBD83-A9A4-4ABA-BBCE-426C328B173D}.Release1.Build.0 = Release|Win32
		{8D5DBD83-A9A4-4ABA-BBCE-426C328B173D}.Russian Release.ActiveCfg = Release|Win32
		{8D5DBD83-A9A4-4ABA-BBCE-426C328B173D}.Russian Release.Build.0 = Release|Win32
		{8D5DBD83-A9A4-4ABA-BBCE-426C328B173D}.WinNT Debug.ActiveCfg = Debug|Win32
		{8D5DBD83-A9A4-4ABA-BBCE-426C328B173D}.WinNT Debug.Build.0 = Debug|Win32
		{8D5DBD83-A9A4-4ABA-BBCE-426C328B173D}.WinNT Release.ActiveCfg = Release|Win32
		{8D5DBD83-A9A4-4ABA-BBCE-426C328B173D}.WinNT Release.Build.0 = Release|Win32
		{154A2CB5-7007-4208-87A9-30006B147C08}._Full DEBUG.ActiveCfg = Release|Win32
		{154A2CB5-7007-4208-87A9-30006B147C08}._Full DEBUG.Build.0 = Release|Win32
		{154A2CB5-7007-4208-87A9-30006B147C08}.Debug.ActiveCfg = Debug|Win32
		{154A2CB5-7007-4208-87A9-30006B147C08}.Debug 9x.ActiveCfg = Debug|Win32
		{154A2CB5-7007-4208-87A9-30006B147C08}.Debug 9x.Build.0 = Debug|Win32
		{154A2CB5-7007-4208-87A9-30006B147C08}.DEMOVERSION.ActiveCfg = Debug|Win32
		{154A2CB5-7007-4208-87A9-30006B147C08}.English Release.ActiveCfg = Release|Win32
		{154A2CB5-7007-4208-87A9-30006B147C08}.English Release.Build.0 = Release|Win32
		{154A2CB5-7007-4208-87A9-30006B147C08}.German Release.ActiveCfg = Release|Win32
		{154A2CB5-7007-4208-87A9-30006B147C08}.German Release.Build.0 = Release|Win32
		{154A2CB5-7007-4208-87A9-30006B147C08}.Release.ActiveCfg = Release|Win32
		{154A2CB5-7007-4208-87A9-30006B147C08}.Release 9x.ActiveCfg = Release|Win32
		{154A2CB5-7007-4208-87A9-30006B147C08}.Release 9x.Build.0 = Release|Win32
		{154A2CB5-7007-4208-87A9-30006B147C08}.Release1.ActiveCfg = Release|Win32
		{154A2CB5-7007-4208-87A9-30006B147C08}.Release1.Build.0 = Release|Win32
		{154A2CB5-7007-4208-87A9-30006B147C08}.Russian Release.ActiveCfg = Release|Win32
		{154A2CB5-7007-4208-87A9-30006B147C08}.Russian Release.Build.0 = Release|Win32
		{154A2CB5-7007-4208-87A9-30006B147C08}.WinNT Debug.ActiveCfg = Debug|Win32
		{154A2CB5-7007-4208-87A9-30006B147C08}.WinNT Debug.Build.0 = Debug|Win32
		{154A2CB5-7007-4208-87A9-30006B147C08}.WinNT Release.ActiveCfg = Release|Win32
		{154A2CB5-7007-4208-87A9-30006B147C08}.WinNT Release.Build.0 = Release|Win32
		{078DFD02-1444-4A89-8D40-8900198BC305}._Full DEBUG.ActiveCfg = Release|Win32
		{078DFD02-1444-4A89-8D40-8900198BC305}._Full DEBUG.Build.0 = Release|Win32
		{078DFD02-1444-4A89-8D40-8900198BC305}.Debug.ActiveCfg = Debug|Win32
		{078DFD02-1444-4A89-8D40-8900198BC305}.Debug 9x.ActiveCfg = Debug|Win32
		{078DFD02-1444-4A89-8D40-8900198BC305}.Debug 9x.Build.0 = Debug|Win32
		{078DFD02-1444-4A89-8D40-8900198BC305}.DEMOVERSION.ActiveCfg = Debug|Win32
		{078DFD02-1444-4A89-8D40-8900198BC305}.English Release.ActiveCfg = Release|Win32
		{078DFD02-1444-4A89-8D40-8900198BC305}.English Release.Build.0 = Release|Win32
		{078DFD02-1444-4A89-8D40-8900198BC305}.German Release.ActiveCfg = Release|Win32
		{078DFD02-1444-4A89-8D40-8900198BC305}.German Release.Build.0 = Release|Win32
		{078DFD02-1444-4A89-8D40-8900198BC305}.Release.ActiveCfg = Release|Win32
		{078DFD02-1444-4A89-8D40-8900198BC305}.Release 9x.ActiveCfg = Release|Win32
		{078DFD02-1444-4A89-8D40-8900198BC305}.Release 9x.Build.0 = Release|Win32
		{078DFD02-1444-4A89-8D40-8900198BC305}.Release1.ActiveCfg = Release|Win32
		{078DFD02-1444-4A89-8D40-8900198BC305}.Release1.Build.0 = Release|Win32
		{078DFD02-1444-4A89-8D40-8900198BC305}.Russian Release.ActiveCfg = Release|Win32
		{078DFD02-1444-4A89-8D40-8900198BC305}.Russian Release.Build.0 = Release|Win32
		{078DFD02-1444-4A89-8D40-8900198BC305}.WinNT Debug.ActiveCfg = Debug|Win32
		{078DFD02-1444-4A89-8D40-8900198BC305}.WinNT Debug.Build.0 = Debug|Win32
		{078DFD02-1444-4A89-8D40-8900198BC305}.WinNT Release.ActiveCfg = Release|Win32
		{078DFD02-1444-4A89-8D40-8900198BC305}.WinNT Release.Build.0 = Release|Win32
		{68884738-B779-4003-AD03-A1CF3F1F7C16}._Full DEBUG.ActiveCfg = Release|Win32
		{68884738-B779-4003-AD03-A1CF3F1F7C16}._Full DEBUG.Build.0 = Release|Win32
		{68884738-B779-4003-AD03-A1CF3F1F7C16}.Debug.ActiveCfg = Debug|Win32
		{68884738-B779-4003-AD03-A1CF3F1F7C16}.Debug 9x.ActiveCfg = Debug|Win32
		{68884738-B779-4003-AD03-A1CF3F1F7C16}.Debug 9x.Build.0 = Debug|Win32
		{68884738-B779-4003-AD03-A1CF3F1F7C16}.DEMOVERSION.ActiveCfg = Debug|Win32
		{68884738-B779-4003-AD03-A1CF3F1F7C16}.English Release.ActiveCfg = Release|Win32
		{68884738-B779-4003-AD03-A1CF3F1F7C16}.English Release.Build.0 = Release|Win32
		{68884738-B779-4003-AD03-A1CF3F1F7C16}.German Release.ActiveCfg = Release|Win32
		{68884738-B779-4003-AD03-A1CF3F1F7C16}.German Release.Build.0 = Release|Win32
		{68884738-B779-4003-AD03-A1CF3F1F7C16}.Release.ActiveCfg = Release|Win32
		{68884738-B779-4003-AD03-A1CF3F1F7C16}.Release 9x.ActiveCfg = Release|Win32
		{68884738-B779-4003-AD03-A1CF3F1F7C16}.Release 9x.Build.0 = Release|Win32
		{68884738-B779-4003-AD03-A1CF3F1F7C16}.Release1.ActiveCfg = Release|Win32
		{68884738-B779-4003-AD03-A1CF3F1F7C16}.Release1.Build.0 = Release|Win32
		{68884738-B779-4003-AD03-A1CF3F1F7C16}.Russian Release.ActiveCfg = Release|Win32
		{68884738-B779-4003-AD03-A1CF3F1F7C16}.Russian Release.Build.0 = Release|Win32
		{68884738-B779-4003-AD03-A1CF3F1F7C16}.WinNT Debug.ActiveCfg = Debug|Win32
		{68884738-B779-4003-AD03-A1CF3F1F7C16}.WinNT Debug.Build.0 = Debug|Win32
		{68884738-B779-4003-AD03-A1CF3F1F7C16}.WinNT Release.ActiveCfg = Release|Win32
		{68884738-B779-4003-AD03-A1CF3F1F7C16}.WinNT Release.Build.0 = Release|Win32
		{1B9E6E30-28FE-4CA4-A59C-51F5F72194E7}._Full DEBUG.ActiveCfg = Release|Win32
		{1B9E6E30-28FE-4CA4-A59C-51F5F72194E7}._Full DEBUG.Build.0 = Release|Win32
		{1B9E6E30-28FE-4CA4-A59C-51F5F72194E7}.Debug.ActiveCfg = Debug|Win32
		{1B9E6E30-28FE-4CA4-A59C-51F5F72194E7}.Debug 9x.ActiveCfg = Debug|Win32
		{1B9E6E30-28FE-4CA4-A59C-51F5F72194E7}.Debug 9x.Build.0 = Debug|Win32
		{1B9E6E30-28FE-4CA4-A59C-51F5F72194E7}.DEMOVERSION.ActiveCfg = Debug|Win32
		{1B9E6E30-28FE-4CA4-A59C-51F5F72194E7}.English Release.ActiveCfg = Release|Win32
		{1B9E6E30-28FE-4CA4-A59C-51F5F72194E7}.English Release.Build.0 = Release|Win32
		{1B9E6E30-28FE-4CA4-A59C-51F5F72194E7}.German Release.ActiveCfg = Release|Win32
		{1B9E6E30-28FE-4CA4-A59C-51F5F72194E7}.German Release.Build.0 = Release|Win32
		{1B9E6E30-28FE-4CA4-A59C-51F5F72194E7}.Release.ActiveCfg = Release|Win32
		{1B9E6E30-28FE-4CA4-A59C-51F5F72194E7}.Release 9x.ActiveCfg = Release|Win32
		{1B9E6E30-28FE-4CA4-A59C-51F5F72194E7}.Release 9x.Build.0 = Release|Win32
		{1B9E6E30-28FE-4CA4-A59C-51F5F72194E7}.Release1.ActiveCfg = Release|Win32
		{1B9E6E30-28FE-4CA4-A59C-51F5F72194E7}.Release1.Build.0 = Release|Win32
		{1B9E6E30-28FE-4CA4-A59C-51F5F72194E7}.Russian Release.ActiveCfg = Release|Win32
		{1B9E6E30-28FE-4CA4-A59C-51F5F72194E7}.Russian Release.Build.0 = Release|Win32
		{1B9E6E30-28FE-4CA4-A59C-51F5F72194E7}.WinNT Debug.ActiveCfg = Debug|Win32
		{1B9E6E30-28FE-4CA4-A59C-51F5F72194E7}.WinNT Debug.Build.0 = Debug|Win32
		{1B9E6E30-28FE-4CA4-A59C-51F5F72194E7}.WinNT Release.ActiveCfg = Release|Win32
		{1B9E6E30-28FE-4CA4-A59C-51F5F72194E7}.WinNT Release.Build.0 = Release|Win32
		{A30DE333-CC96-46D8-9445-043BD9CA63B1}._Full DEBUG.ActiveCfg = Release|Win32
		{A30DE333-CC96-46D8-9445-043BD9CA63B1}._Full DEBUG.Build.0 = Release|Win32
		{A30DE333-CC96-46D8-9445-043BD9CA63B1}.Debug.ActiveCfg = Debug|Win32
		{A30DE333-CC96-46D8-9445-043BD9CA63B1}.Debug 9x.ActiveCfg = Debug|Win32
		{A30DE333-CC96-46D8-9445-043BD9CA63B1}.Debug 9x.Build.0 = Debug|Win32
		{A30DE333-CC96-46D8-9445-043BD9CA63B1}.DEMOVERSION.ActiveCfg = Debug|Win32
		{A30DE333-CC96-46D8-9445-043BD9CA63B1}.English Release.ActiveCfg = Release|Win32
		{A30DE333-CC96-46D8-9445-043BD9CA63B1}.English Release.Build.0 = Release|Win32
		{A30DE333-CC96-46D8-9445-043BD9CA63B1}.German Release.ActiveCfg = Release|Win32
		{A30DE333-CC96-46D8-9445-043BD9CA63B1}.German Release.Build.0 = Release|Win32
		{A30DE333-CC96-46D8-9445-043BD9CA63B1}.Release.ActiveCfg = Release|Win32
		{A30DE333-CC96-46D8-9445-043BD9CA63B1}.Release 9x.ActiveCfg = Release|Win32
		{A30DE333-CC96-46D8-9445-043BD9CA63B1}.Release 9x.Build.0 = Release|Win32
		{A30DE333-CC96-46D8-9445-043BD9CA63B1}.Release1.ActiveCfg = Release|Win32
		{A30DE333-CC96-46D8-9445-043BD9CA63B1}.Release1.Build.0 = Release|Win32
		{A30DE333-CC96-46D8-9445-043BD9CA63B1}.Russian Release.ActiveCfg = Release|Win32
		{A30DE333-CC96-46D8-9445-043BD9CA63B1}.Russian Release.Build.0 = Release|Win32
		{A30DE333-CC96-46D8-9445-043BD9CA63B1}.WinNT Debug.ActiveCfg = Debug|Win32
		{A30DE333-CC96-46D8-9445-043BD9CA63B1}.WinNT Debug.Build.0 = Debug|Win32
		{A30DE333-CC96-46D8-9445-043BD9CA63B1}.WinNT Release.ActiveCfg = Release|Win32
		{A30DE333-CC96-46D8-9445-043BD9CA63B1}.WinNT Release.Build.0 = Release|Win32
		{093B22C7-896A-4C33-BE70-69A4DB3296D6}._Full DEBUG.ActiveCfg = Release|Win32
		{093B22C7-896A-4C33-BE70-69A4DB3296D6}._Full DEBUG.Build.0 = Release|Win32
		{093B22C7-896A-4C33-BE70-69A4DB3296D6}.Debug.ActiveCfg = Debug|Win32
		{093B22C7-896A-4C33-BE70-69A4DB3296D6}.Debug 9x.ActiveCfg = Debug|Win32
		{093B22C7-896A-4C33-BE70-69A4DB3296D6}.Debug 9x.Build.0 = Debug|Win32
		{093B22C7-896A-4C33-BE70-69A4DB3296D6}.DEMOVERSION.ActiveCfg = Debug|Win32
		{093B22C7-896A-4C33-BE70-69A4DB3296D6}.English Release.ActiveCfg = Release|Win32
		{093B22C7-896A-4C33-BE70-69A4DB3296D6}.English Release.Build.0 = Release|Win32
		{093B22C7-896A-4C33-BE70-69A4DB3296D6}.German Release.ActiveCfg = Release|Win32
		{093B22C7-896A-4C33-BE70-69A4DB3296D6}.German Release.Build.0 = Release|Win32
		{093B22C7-896A-4C33-BE70-69A4DB3296D6}.Release.ActiveCfg = Release|Win32
		{093B22C7-896A-4C33-BE70-69A4DB3296D6}.Release 9x.ActiveCfg = Release|Win32
		{093B22C7-896A-4C33-BE70-69A4DB3296D6}.Release 9x.Build.0 = Release|Win32
		{093B22C7-896A-4C33-BE70-69A4DB3296D6}.Release1.ActiveCfg = Release|Win32
		{093B22C7-896A-4C33-BE70-69A4DB3296D6}.Release1.Build.0 = Release|Win32
		{093B22C7-896A-4C33-BE70-69A4DB3296D6}.Russian Release.ActiveCfg = Release|Win32
		{093B22C7-896A-4C33-BE70-69A4DB3296D6}.Russian Release.Build.0 = Release|Win32
		{093B22C7-896A-4C33-BE70-69A4DB3296D6}.WinNT Debug.ActiveCfg = Debug|Win32
		{093B22C7-896A-4C33-BE70-69A4DB3296D6}.WinNT Debug.Build.0 = Debug|Win32
		{093B22C7-896A-4C33-BE70-69A4DB3296D6}.WinNT Release.ActiveCfg = Release|Win32
		{093B22C7-896A-4C33-BE70-69A4DB3296D6}.WinNT Release.Build.0 = Release|Win32
		{D60259C9-BADA-4763-936C-0F5DC713C4A3}._Full DEBUG.ActiveCfg = Release|Win32
		{D60259C9-BADA-4763-936C-0F5DC713C4A3}._Full DEBUG.Build.0 = Release|Win32
		{D60259C9-BADA-4763-936C-0F5DC713C4A3}.Debug.ActiveCfg = Debug|Win32
		{D60259C9-BADA-4763-936C-0F5DC713C4A3}.Debug 9x.ActiveCfg = Debug|Win32
		{D60259C9-BADA-4763-936C-0F5DC713C4A3}.Debug 9x.Build.0 = Debug|Win32
		{D60259C9-BADA-4763-936C-0F5DC713C4A3}.DEMOVERSION.ActiveCfg = Release|Win32
		{D60259C9-BADA-4763-936C-0F5DC713C4A3}.English Release.ActiveCfg = Release|Win32
		{D60259C9-BADA-4763-936C-0F5DC713C4A3}.English Release.Build.0 = Release|Win32
		{D60259C9-BADA-4763-936C-0F5DC713C4A3}.German Release.ActiveCfg = Release|Win32
		{D60259C9-BADA-4763-936C-0F5DC713C4A3}.German Release.Build.0 = Release|Win32
		{D60259C9-BADA-4763-936C-0F5DC713C4A3}.Release.ActiveCfg = Release|Win32
		{D60259C9-BADA-4763-936C-0F5DC713C4A3}.Release 9x.ActiveCfg = Release|Win32
		{D60259C9-BADA-4763-936C-0F5DC713C4A3}.Release 9x.Build.0 = Release|Win32
		{D60259C9-BADA-4763-936C-0F5DC713C4A3}.Release1.ActiveCfg = Release|Win32
		{D60259C9-BADA-4763-936C-0F5DC713C4A3}.Release1.Build.0 = Release|Win32
		{D60259C9-BADA-4763-936C-0F5DC713C4A3}.Russian Release.ActiveCfg = Release|Win32
		{D60259C9-BADA-4763-936C-0F5DC713C4A3}.Russian Release.Build.0 = Release|Win32
		{D60259C9-BADA-4763-936C-0F5DC713C4A3}.WinNT Debug.ActiveCfg = Debug|Win32
		{D60259C9-BADA-4763-936C-0F5DC713C4A3}.WinNT Debug.Build.0 = Debug|Win32
		{D60259C9-BADA-4763-936C-0F5DC713C4A3}.WinNT Release.ActiveCfg = Release|Win32
		{D60259C9-BADA-4763-936C-0F5DC713C4A3}.WinNT Release.Build.0 = Release|Win32
		{561355E3-9253-413F-9F8E-A32DADEA71DB}._Full DEBUG.ActiveCfg = Release|Win32
		{561355E3-9253-413F-9F8E-A32DADEA71DB}._Full DEBUG.Build.0 = Release|Win32
		{561355E3-9253-413F-9F8E-A32DADEA71DB}.Debug.ActiveCfg = Debug|Win32
		{561355E3-9253-413F-9F8E-A32DADEA71DB}.Debug 9x.ActiveCfg = Debug|Win32
		{561355E3-9253-413F-9F8E-A32DADEA71DB}.Debug 9x.Build.0 = Debug|Win32
		{561355E3-9253-413F-9F8E-A32DADEA71DB}.DEMOVERSION.ActiveCfg = Debug|Win32
		{561355E3-9253-413F-9F8E-A32DADEA71DB}.DEMOVERSION.Build.0 = Debug|Win32
		{561355E3-9253-413F-9F8E-A32DADEA71DB}.English Release.ActiveCfg = Release|Win32
		{561355E3-9253-413F-9F8E-A32DADEA71DB}.English Release.Build.0 = Release|Win32
		{561355E3-9253-413F-9F8E-A32DADEA71DB}.German Release.ActiveCfg = Release|Win32
		{561355E3-9253-413F-9F8E-A32DADEA71DB}.German Release.Build.0 = Release|Win32
		{561355E3-9253-413F-9F8E-A32DADEA71DB}.Release.ActiveCfg = Release|Win32
		{561355E3-9253-413F-9F8E-A32DADEA71DB}.Release 9x.ActiveCfg = Release|Win32
		{561355E3-9253-413F-9F8E-A32DADEA71DB}.Release 9x.Build.0 = Release|Win32
		{561355E3-9253-413F-9F8E-A32DADEA71DB}.Release1.ActiveCfg = Release|Win32
		{561355E3-9253-413F-9F8E-A32DADEA71DB}.Release1.Build.0 = Release|Win32
		{561355E3-9253-413F-9F8E-A32DADEA71DB}.Russian Release.ActiveCfg = Release|Win32
		{561355E3-9253-413F-9F8E-A32DADEA71DB}.Russian Release.Build.0 = Release|Win32
		{561355E3-9253-413F-9F8E-A32DADEA71DB}.WinNT Debug.ActiveCfg = Debug|Win32
		{561355E3-9253-413F-9F8E-A32DADEA71DB}.WinNT Debug.Build.0 = Debug|Win32
		{561355E3-9253-413F-9F8E-A32DADEA71DB}.WinNT Release.ActiveCfg = Release|Win32
		{561355E3-9253-413F-9F8E-A32DADEA71DB}.WinNT Release.Build.0 = Release|Win32
		{89F3848A-0737-4C60-9888-9C46316BD826}._Full DEBUG.ActiveCfg = Release|Win32
		{89F3848A-0737-4C60-9888-9C46316BD826}._Full DEBUG.Build.0 = Release|Win32
		{89F3848A-0737-4C60-9888-9C46316BD826}.Debug.ActiveCfg = Debug|Win32
		{89F3848A-0737-4C60-9888-9C46316BD826}.Debug 9x.ActiveCfg = Debug|Win32
		{89F3848A-0737-4C60-9888-9C46316BD826}.Debug 9x.Build.0 = Debug|Win32
		{89F3848A-0737-4C60-9888-9C46316BD826}.DEMOVERSION.ActiveCfg = Debug|Win32
		{89F3848A-0737-4C60-9888-9C46316BD826}.DEMOVERSION.Build.0 = Debug|Win32
		{89F3848A-0737-4C60-9888-9C46316BD826}.English Release.ActiveCfg = Release|Win32
		{89F3848A-0737-4C60-9888-9C46316BD826}.English Release.Build.0 = Release|Win32
		{89F3848A-0737-4C60-9888-9C46316BD826}.German Release.ActiveCfg = Release|Win32
		{89F3848A-0737-4C60-9888-9C46316BD826}.German Release.Build.0 = Release|Win32
		{89F3848A-0737-4C60-9888-9C46316BD826}.Release.ActiveCfg = Release|Win32
		{89F3848A-0737-4C60-9888-9C46316BD826}.Release 9x.ActiveCfg = Release|Win32
		{89F3848A-0737-4C60-9888-9C46316BD826}.Release 9x.Build.0 = Release|Win32
		{89F3848A-0737-4C60-9888-9C46316BD826}.Release1.ActiveCfg = Release|Win32
		{89F3848A-0737-4C60-9888-9C46316BD826}.Release1.Build.0 = Release|Win32
		{89F3848A-0737-4C60-9888-9C46316BD826}.Russian Release.ActiveCfg = Release|Win32
		{89F3848A-0737-4C60-9888-9C46316BD826}.Russian Release.Build.0 = Release|Win32
		{89F3848A-0737-4C60-9888-9C46316BD826}.WinNT Debug.ActiveCfg = Debug|Win32
		{89F3848A-0737-4C60-9888-9C46316BD826}.WinNT Debug.Build.0 = Debug|Win32
		{89F3848A-0737-4C60-9888-9C46316BD826}.WinNT Release.ActiveCfg = Release|Win32
		{89F3848A-0737-4C60-9888-9C46316BD826}.WinNT Release.Build.0 = Release|Win32
		{65FC2665-3DFE-4C97-BC0B-17F6CD295E8C}._Full DEBUG.ActiveCfg = Release|Win32
		{65FC2665-3DFE-4C97-BC0B-17F6CD295E8C}._Full DEBUG.Build.0 = Release|Win32
		{65FC2665-3DFE-4C97-BC0B-17F6CD295E8C}.Debug.ActiveCfg = Debug|Win32
		{65FC2665-3DFE-4C97-BC0B-17F6CD295E8C}.Debug 9x.ActiveCfg = Debug|Win32
		{65FC2665-3DFE-4C97-BC0B-17F6CD295E8C}.Debug 9x.Build.0 = Debug|Win32
		{65FC2665-3DFE-4C97-BC0B-17F6CD295E8C}.DEMOVERSION.ActiveCfg = Debug|Win32
		{65FC2665-3DFE-4C97-BC0B-17F6CD295E8C}.DEMOVERSION.Build.0 = Debug|Win32
		{65FC2665-3DFE-4C97-BC0B-17F6CD295E8C}.English Release.ActiveCfg = Release|Win32
		{65FC2665-3DFE-4C97-BC0B-17F6CD295E8C}.English Release.Build.0 = Release|Win32
		{65FC2665-3DFE-4C97-BC0B-17F6CD295E8C}.German Release.ActiveCfg = Release|Win32
		{65FC2665-3DFE-4C97-BC0B-17F6CD295E8C}.German Release.Build.0 = Release|Win32
		{65FC2665-3DFE-4C97-BC0B-17F6CD295E8C}.Release.ActiveCfg = Release|Win32
		{65FC2665-3DFE-4C97-BC0B-17F6CD295E8C}.Release 9x.ActiveCfg = Release|Win32
		{65FC2665-3DFE-4C97-BC0B-17F6CD295E8C}.Release 9x.Build.0 = Release|Win32
		{65FC2665-3DFE-4C97-BC0B-17F6CD295E8C}.Release1.ActiveCfg = Release|Win32
		{65FC2665-3DFE-4C97-BC0B-17F6CD295E8C}.Release1.Build.0 = Release|Win32
		{65FC2665-3DFE-4C97-BC0B-17F6CD295E8C}.Russian Release.ActiveCfg = Release|Win32
		{65FC2665-3DFE-4C97-BC0B-17F6CD295E8C}.Russian Release.Build.0 = Release|Win32
		{65FC2665-3DFE-4C97-BC0B-17F6CD295E8C}.WinNT Debug.ActiveCfg = Debug|Win32
		{65FC2665-3DFE-4C97-BC0B-17F6CD295E8C}.WinNT Debug.Build.0 = Debug|Win32
		{65FC2665-3DFE-4C97-BC0B-17F6CD295E8C}.WinNT Release.ActiveCfg = Release|Win32
		{65FC2665-3DFE-4C97-BC0B-17F6CD295E8C}.WinNT Release.Build.0 = Release|Win32
		{F0CA4019-C8B1-4AA4-801E-3262E75D8C09}._Full DEBUG.ActiveCfg = Release|Win32
		{F0CA4019-C8B1-4AA4-801E-3262E75D8C09}._Full DEBUG.Build.0 = Release|Win32
		{F0CA4019-C8B1-4AA4-801E-3262E75D8C09}.Debug.ActiveCfg = Debug|Win32
		{F0CA4019-C8B1-4AA4-801E-3262E75D8C09}.Debug 9x.ActiveCfg = Debug|Win32
		{F0CA4019-C8B1-4AA4-801E-3262E75D8C09}.Debug 9x.Build.0 = Debug|Win32
		{F0CA4019-C8B1-4AA4-801E-3262E75D8C09}.DEMOVERSION.ActiveCfg = Debug|Win32
		{F0CA4019-C8B1-4AA4-801E-3262E75D8C09}.DEMOVERSION.Build.0 = Debug|Win32
		{F0CA4019-C8B1-4AA4-801E-3262E75D8C09}.English Release.ActiveCfg = Release|Win32
		{F0CA4019-C8B1-4AA4-801E-3262E75D8C09}.English Release.Build.0 = Release|Win32
		{F0CA4019-C8B1-4AA4-801E-3262E75D8C09}.German Release.ActiveCfg = Release|Win32
		{F0CA4019-C8B1-4AA4-801E-3262E75D8C09}.German Release.Build.0 = Release|Win32
		{F0CA4019-C8B1-4AA4-801E-3262E75D8C09}.Release.ActiveCfg = Release|Win32
		{F0CA4019-C8B1-4AA4-801E-3262E75D8C09}.Release 9x.ActiveCfg = Release|Win32
		{F0CA4019-C8B1-4AA4-801E-3262E75D8C09}.Release 9x.Build.0 = Release|Win32
		{F0CA4019-C8B1-4AA4-801E-3262E75D8C09}.Release1.ActiveCfg = Release|Win32
		{F0CA4019-C8B1-4AA4-801E-3262E75D8C09}.Release1.Build.0 = Release|Win32
		{F0CA4019-C8B1-4AA4-801E-3262E75D8C09}.Russian Release.ActiveCfg = Release|Win32
		{F0CA4019-C8B1-4AA4-801E-3262E75D8C09}.Russian Release.Build.0 = Release|Win32
		{F0CA4019-C8B1-4AA4-801E-3262E75D8C09}.WinNT Debug.ActiveCfg = Debug|Win32
		{F0CA4019-C8B1-4AA4-801E-3262E75D8C09}.WinNT Debug.Build.0 = Debug|Win32
		{F0CA4019-C8B1-4AA4-801E-3262E75D8C09}.WinNT Release.ActiveCfg = Release|Win32
		{F0CA4019-C8B1-4AA4-801E-3262E75D8C09}.WinNT Release.Build.0 = Release|Win32
		{7AF33065-4C86-4C85-8E9C-FD19327CD38C}._Full DEBUG.ActiveCfg = Release|Win32
		{7AF33065-4C86-4C85-8E9C-FD19327CD38C}._Full DEBUG.Build.0 = Release|Win32
		{7AF33065-4C86-4C85-8E9C-FD19327CD38C}.Debug.ActiveCfg = Debug|Win32
		{7AF33065-4C86-4C85-8E9C-FD19327CD38C}.Debug 9x.ActiveCfg = Debug|Win32
		{7AF33065-4C86-4C85-8E9C-FD19327CD38C}.Debug 9x.Build.0 = Debug|Win32
		{7AF33065-4C86-4C85-8E9C-FD19327CD38C}.DEMOVERSION.ActiveCfg = Debug|Win32
		{7AF33065-4C86-4C85-8E9C-FD19327CD38C}.DEMOVERSION.Build.0 = Debug|Win32
		{7AF33065-4C86-4C85-8E9C-FD19327CD38C}.English Release.ActiveCfg = Release|Win32
		{7AF33065-4C86-4C85-8E9C-FD19327CD38C}.English Release.Build.0 = Release|Win32
		{7AF33065-4C86-4C85-8E9C-FD19327CD38C}.German Release.ActiveCfg = Release|Win32
		{7AF33065-4C86-4C85-8E9C-FD19327CD38C}.German Release.Build.0 = Release|Win32
		{7AF33065-4C86-4C85-8E9C-FD19327CD38C}.Release.ActiveCfg = Release|Win32
		{7AF33065-4C86-4C85-8E9C-FD19327CD38C}.Release 9x.ActiveCfg = Release|Win32
		{7AF33065-4C86-4C85-8E9C-FD19327CD38C}.Release 9x.Build.0 = Release|Win32
		{7AF33065-4C86-4C85-8E9C-FD19327CD38C}.Release1.ActiveCfg = Release|Win32
		{7AF33065-4C86-4C85-8E9C-FD19327CD38C}.Release1.Build.0 = Release|Win32
		{7AF33065-4C86-4C85-8E9C-FD19327CD38C}.Russian Release.ActiveCfg = Release|Win32
		{7AF33065-4C86-4C85-8E9C-FD19327CD38C}.Russian Release.Build.0 = Release|Win32
		{7AF33065-4C86-4C85-8E9C-FD19327CD38C}.WinNT Debug.ActiveCfg = Debug|Win32
		{7AF33065-4C86-4C85-8E9C-FD19327CD38C}.WinNT Debug.Build.0 = Debug|Win32
		{7AF33065-4C86-4C85-8E9C-FD19327CD38C}.WinNT Release.ActiveCfg = Release|Win32
		{7AF33065-4C86-4C85-8E9C-FD19327CD38C}.WinNT Release.Build.0 = Release|Win32
		{CFF9863E-CA58-4DCC-AD8F-FBF88DC2157B}._Full DEBUG.ActiveCfg = Release|Win32
		{CFF9863E-CA58-4DCC-AD8F-FBF88DC2157B}._Full DEBUG.Build.0 = Release|Win32
		{CFF9863E-CA58-4DCC-AD8F-FBF88DC2157B}.Debug.ActiveCfg = Debug|Win32
		{CFF9863E-CA58-4DCC-AD8F-FBF88DC2157B}.Debug 9x.ActiveCfg = Debug|Win32
		{CFF9863E-CA58-4DCC-AD8F-FBF88DC2157B}.Debug 9x.Build.0 = Debug|Win32
		{CFF9863E-CA58-4DCC-AD8F-FBF88DC2157B}.DEMOVERSION.ActiveCfg = Debug|Win32
		{CFF9863E-CA58-4DCC-AD8F-FBF88DC2157B}.DEMOVERSION.Build.0 = Debug|Win32
		{CFF9863E-CA58-4DCC-AD8F-FBF88DC2157B}.English Release.ActiveCfg = Release|Win32
		{CFF9863E-CA58-4DCC-AD8F-FBF88DC2157B}.English Release.Build.0 = Release|Win32
		{CFF9863E-CA58-4DCC-AD8F-FBF88DC2157B}.German Release.ActiveCfg = Release|Win32
		{CFF9863E-CA58-4DCC-AD8F-FBF88DC2157B}.German Release.Build.0 = Release|Win32
		{CFF9863E-CA58-4DCC-AD8F-FBF88DC2157B}.Release.ActiveCfg = Release|Win32
		{CFF9863E-CA58-4DCC-AD8F-FBF88DC2157B}.Release 9x.ActiveCfg = Release|Win32
		{CFF9863E-CA58-4DCC-AD8F-FBF88DC2157B}.Release 9x.Build.0 = Release|Win32
		{CFF9863E-CA58-4DCC-AD8F-FBF88DC2157B}.Release1.ActiveCfg = Release|Win32
		{CFF9863E-CA58-4DCC-AD8F-FBF88DC2157B}.Release1.Build.0 = Release|Win32
		{CFF9863E-CA58-4DCC-AD8F-FBF88DC2157B}.Russian Release.ActiveCfg = Release|Win32
		{CFF9863E-CA58-4DCC-AD8F-FBF88DC2157B}.Russian Release.Build.0 = Release|Win32
		{CFF9863E-CA58-4DCC-AD8F-FBF88DC2157B}.WinNT Debug.ActiveCfg = Debug|Win32
		{CFF9863E-CA58-4DCC-AD8F-FBF88DC2157B}.WinNT Debug.Build.0 = Debug|Win32
		{CFF9863E-CA58-4DCC-AD8F-FBF88DC2157B}.WinNT Release.ActiveCfg = Release|Win32
		{CFF9863E-CA58-4DCC-AD8F-FBF88DC2157B}.WinNT Release.Build.0 = Release|Win32
		{5EC0E3ED-17D3-4B41-BFAC-462ECE92A386}._Full DEBUG.ActiveCfg = Release|Win32
		{5EC0E3ED-17D3-4B41-BFAC-462ECE92A386}._Full DEBUG.Build.0 = Release|Win32
		{5EC0E3ED-17D3-4B41-BFAC-462ECE92A386}.Debug.ActiveCfg = Debug|Win32
		{5EC0E3ED-17D3-4B41-BFAC-462ECE92A386}.Debug 9x.ActiveCfg = Debug|Win32
		{5EC0E3ED-17D3-4B41-BFAC-462ECE92A386}.Debug 9x.Build.0 = Debug|Win32
		{5EC0E3ED-17D3-4B41-BFAC-462ECE92A386}.DEMOVERSION.ActiveCfg = Debug|Win32
		{5EC0E3ED-17D3-4B41-BFAC-462ECE92A386}.DEMOVERSION.Build.0 = Debug|Win32
		{5EC0E3ED-17D3-4B41-BFAC-462ECE92A386}.English Release.ActiveCfg = Release|Win32
		{5EC0E3ED-17D3-4B41-BFAC-462ECE92A386}.English Release.Build.0 = Release|Win32
		{5EC0E3ED-17D3-4B41-BFAC-462ECE92A386}.German Release.ActiveCfg = Release|Win32
		{5EC0E3ED-17D3-4B41-BFAC-462ECE92A386}.German Release.Build.0 = Release|Win32
		{5EC0E3ED-17D3-4B41-BFAC-462ECE92A386}.Release.ActiveCfg = Release|Win32
		{5EC0E3ED-17D3-4B41-BFAC-462ECE92A386}.Release 9x.ActiveCfg = Release|Win32
		{5EC0E3ED-17D3-4B41-BFAC-462ECE92A386}.Release 9x.Build.0 = Release|Win32
		{5EC0E3ED-17D3-4B41-BFAC-462ECE92A386}.Release1.ActiveCfg = Release|Win32
		{5EC0E3ED-17D3-4B41-BFAC-462ECE92A386}.Release1.Build.0 = Release|Win32
		{5EC0E3ED-17D3-4B41-BFAC-462ECE92A386}.Russian Release.ActiveCfg = Release|Win32
		{5EC0E3ED-17D3-4B41-BFAC-462ECE92A386}.Russian Release.Build.0 = Release|Win32
		{5EC0E3ED-17D3-4B41-BFAC-462ECE92A386}.WinNT Debug.ActiveCfg = Debug|Win32
		{5EC0E3ED-17D3-4B41-BFAC-462ECE92A386}.WinNT Debug.Build.0 = Debug|Win32
		{5EC0E3ED-17D3-4B41-BFAC-462ECE92A386}.WinNT Release.ActiveCfg = Release|Win32
		{5EC0E3ED-17D3-4B41-BFAC-462ECE92A386}.WinNT Release.Build.0 = Release|Win32
		{4004CBE6-9A3F-4497-A8D8-B579C75D3DED}._Full DEBUG.ActiveCfg = Release|Win32
		{4004CBE6-9A3F-4497-A8D8-B579C75D3DED}._Full DEBUG.Build.0 = Release|Win32
		{4004CBE6-9A3F-4497-A8D8-B579C75D3DED}.Debug.ActiveCfg = Debug|Win32
		{4004CBE6-9A3F-4497-A8D8-B579C75D3DED}.Debug.Build.0 = Debug|Win32
		{4004CBE6-9A3F-4497-A8D8-B579C75D3DED}.Debug 9x.ActiveCfg = Debug|Win32
		{4004CBE6-9A3F-4497-A8D8-B579C75D3DED}.Debug 9x.Build.0 = Debug|Win32
		{4004CBE6-9A3F-4497-A8D8-B579C75D3DED}.DEMOVERSION.ActiveCfg = Debug|Win32
		{4004CBE6-9A3F-4497-A8D8-B579C75D3DED}.DEMOVERSION.Build.0 = Debug|Win32
		{4004CBE6-9A3F-4497-A8D8-B579C75D3DED}.English Release.ActiveCfg = Release|Win32
		{4004CBE6-9A3F-4497-A8D8-B579C75D3DED}.English Release.Build.0 = Release|Win32
		{4004CBE6-9A3F-4497-A8D8-B579C75D3DED}.German Release.ActiveCfg = Release|Win32
		{4004CBE6-9A3F-4497-A8D8-B579C75D3DED}.German Release.Build.0 = Release|Win32
		{4004CBE6-9A3F-4497-A8D8-B579C75D3DED}.Release.ActiveCfg = Release|Win32
		{4004CBE6-9A3F-4497-A8D8-B579C75D3DED}.Release.Build.0 = Release|Win32
		{4004CBE6-9A3F-4497-A8D8-B579C75D3DED}.Release 9x.ActiveCfg = Release|Win32
		{4004CBE6-9A3F-4497-A8D8-B579C75D3DED}.Release 9x.Build.0 = Release|Win32
		{4004CBE6-9A3F-4497-A8D8-B579C75D3DED}.Release1.ActiveCfg = Release|Win32
		{4004CBE6-9A3F-4497-A8D8-B579C75D3DED}.Release1.Build.0 = Release|Win32
		{4004CBE6-9A3F-4497-A8D8-B579C75D3DED}.Russian Release.ActiveCfg = Release|Win32
		{4004CBE6-9A3F-4497-A8D8-B579C75D3DED}.Russian Release.Build.0 = Release|Win32
		{4004CBE6-9A3F-4497-A8D8-B579C75D3DED}.WinNT Debug.ActiveCfg = Debug|Win32
		{4004CBE6-9A3F-4497-A8D8-B579C75D3DED}.WinNT Debug.Build.0 = Debug|Win32
		{4004CBE6-9A3F-4497-A8D8-B579C75D3DED}.WinNT Release.ActiveCfg = Release|Win32
		{4004CBE6-9A3F-4497-A8D8-B579C75D3DED}.WinNT Release.Build.0 = Release|Win32
		{D7F4B858-19A0-4902-A989-18F56EE88F05}._Full DEBUG.ActiveCfg = Debug|Win32
		{D7F4B858-19A0-4902-A989-18F56EE88F05}._Full DEBUG.Build.0 = Debug|Win32
		{D7F4B858-19A0-4902-A989-18F56EE88F05}.Debug.ActiveCfg = Debug|Win32
		{D7F4B858-19A0-4902-A989-18F56EE88F05}.Debug.Build.0 = Debug|Win32
		{D7F4B858-19A0-4902-A989-18F56EE88F05}.Debug 9x.ActiveCfg = Debug|Win32
		{D7F4B858-19A0-4902-A989-18F56EE88F05}.Debug 9x.Build.0 = Debug|Win32
		{D7F4B858-19A0-4902-A989-18F56EE88F05}.DEMOVERSION.ActiveCfg = Debug|Win32
		{D7F4B858-19A0-4902-A989-18F56EE88F05}.DEMOVERSION.Build.0 = Debug|Win32
		{D7F4B858-19A0-4902-A989-18F56EE88F05}.English Release.ActiveCfg = Release|Win32
		{D7F4B858-19A0-4902-A989-18F56EE88F05}.English Release.Build.0 = Release|Win32
		{D7F4B858-19A0-4902-A989-18F56EE88F05}.German Release.ActiveCfg = Release|Win32
		{D7F4B858-19A0-4902-A989-18F56EE88F05}.German Release.Build.0 = Release|Win32
		{D7F4B858-19A0-4902-A989-18F56EE88F05}.Release.ActiveCfg = Release|Win32
		{D7F4B858-19A0-4902-A989-18F56EE88F05}.Release.Build.0 = Release|Win32
		{D7F4B858-19A0-4902-A989-18F56EE88F05}.Release 9x.ActiveCfg = Release|Win32
		{D7F4B858-19A0-4902-A989-18F56EE88F05}.Release 9x.Build.0 = Release|Win32
		{D7F4B858-19A0-4902-A989-18F56EE88F05}.Release1.ActiveCfg = Release|Win32
		{D7F4B858-19A0-4902-A989-18F56EE88F05}.Release1.Build.0 = Release|Win32
		{D7F4B858-19A0-4902-A989-18F56EE88F05}.Russian Release.ActiveCfg = Release|Win32
		{D7F4B858-19A0-4902-A989-18F56EE88F05}.Russian Release.Build.0 = Release|Win32
		{D7F4B858-19A0-4902-A989-18F56EE88F05}.WinNT Debug.ActiveCfg = Debug|Win32
		{D7F4B858-19A0-4902-A989-18F56EE88F05}.WinNT Debug.Build.0 = Debug|Win32
		{D7F4B858-19A0-4902-A989-18F56EE88F05}.WinNT Release.ActiveCfg = Release|Win32
		{D7F4B858-19A0-4902-A989-18F56EE88F05}.WinNT Release.Build.0 = Release|Win32
		{F6428C6C-8CDE-4A7C-8CE6-90CDCBF98768}._Full DEBUG.ActiveCfg = DEMOVERSION|Win32
		{F6428C6C-8CDE-4A7C-8CE6-90CDCBF98768}._Full DEBUG.Build.0 = DEMOVERSION|Win32
		{F6428C6C-8CDE-4A7C-8CE6-90CDCBF98768}.Debug.ActiveCfg = Debug|Win32
		{F6428C6C-8CDE-4A7C-8CE6-90CDCBF98768}.Debug.Build.0 = Debug|Win32
		{F6428C6C-8CDE-4A7C-8CE6-90CDCBF98768}.Debug 9x.ActiveCfg = Debug|Win32
		{F6428C6C-8CDE-4A7C-8CE6-90CDCBF98768}.Debug 9x.Build.0 = Debug|Win32
		{F6428C6C-8CDE-4A7C-8CE6-90CDCBF98768}.DEMOVERSION.ActiveCfg = DEMOVERSION|Win32
		{F6428C6C-8CDE-4A7C-8CE6-90CDCBF98768}.DEMOVERSION.Build.0 = DEMOVERSION|Win32
		{F6428C6C-8CDE-4A7C-8CE6-90CDCBF98768}.English Release.ActiveCfg = Release|Win32
		{F6428C6C-8CDE-4A7C-8CE6-90CDCBF98768}.English Release.Build.0 = Release|Win32
		{F6428C6C-8CDE-4A7C-8CE6-90CDCBF98768}.German Release.ActiveCfg = Release|Win32
		{F6428C6C-8CDE-4A7C-8CE6-90CDCBF98768}.German Release.Build.0 = Release|Win32
		{F6428C6C-8CDE-4A7C-8CE6-90CDCBF98768}.Release.ActiveCfg = Release|Win32
		{F6428C6C-8CDE-4A7C-8CE6-90CDCBF98768}.Release.Build.0 = Release|Win32
		{F6428C6C-8CDE-4A7C-8CE6-90CDCBF98768}.Release 9x.ActiveCfg = Release|Win32
		{F6428C6C-8CDE-4A7C-8CE6-90CDCBF98768}.Release 9x.Build.0 = Release|Win32
		{F6428C6C-8CDE-4A7C-8CE6-90CDCBF98768}.Release1.ActiveCfg = Release|Win32
		{F6428C6C-8CDE-4A7C-8CE6-90CDCBF98768}.Release1.Build.0 = Release|Win32
		{F6428C6C-8CDE-4A7C-8CE6-90CDCBF98768}.Russian Release.ActiveCfg = Release|Win32
		{F6428C6C-8CDE-4A7C-8CE6-90CDCBF98768}.Russian Release.Build.0 = Release|Win32
		{F6428C6C-8CDE-4A7C-8CE6-90CDCBF98768}.WinNT Debug.ActiveCfg = Debug|Win32
		{F6428C6C-8CDE-4A7C-8CE6-90CDCBF98768}.WinNT Debug.Build.0 = Debug|Win32
		{F6428C6C-8CDE-4A7C-8CE6-90CDCBF98768}.WinNT Release.ActiveCfg = Release|Win32
		{F6428C6C-8CDE-4A7C-8CE6-90CDCBF98768}.WinNT Release.Build.0 = Release|Win32
	EndGlobalSection
	GlobalSection(ExtensibilityGlobals) = postSolution
		DPBuild = 5
	EndGlobalSection
	GlobalSection(ExtensibilityAddIns) = postSolution
	EndGlobalSection
EndGlobal
