<?xml version="1.0" encoding="utf-8"?>
<Project ToolsVersion="4.0" xmlns="http://schemas.microsoft.com/developer/msbuild/2003">
  <ItemGroup>
    <Filter Include="Source Files">
      <UniqueIdentifier>{d90cd6ae-94a4-4b7d-8b26-6351dfea0f40}</UniqueIdentifier>
      <Extensions>cpp;c;cxx;rc;def;r;odl;idl;hpj;bat</Extensions>
    </Filter>
    <Filter Include="Header Files">
      <UniqueIdentifier>{d1003e87-faba-4ae4-b9b6-0bbf44f83337}</UniqueIdentifier>
      <Extensions>h;hpp;hxx;hm;inl</Extensions>
    </Filter>
    <Filter Include="Resource Files">
      <UniqueIdentifier>{d9dae3d0-780f-4026-bb00-7fb6f903e244}</UniqueIdentifier>
      <Extensions>ico;cur;bmp;dlg;rc2;rct;bin;rgs;gif;jpg;jpeg;jpe</Extensions>
    </Filter>
  </ItemGroup>
  <ItemGroup>
    <ClCompile Include="actions.cpp">
      <Filter>Source Files</Filter>
    </ClCompile>
    <ClCompile Include="AxDocContainer.cpp">
      <Filter>Source Files</Filter>
    </ClCompile>
    <ClCompile Include="AxDocSite.cpp">
      <Filter>Source Files</Filter>
    </ClCompile>
    <ClCompile Include="IAdvSink.Cpp">
      <Filter>Source Files</Filter>
    </ClCompile>
    <ClCompile Include="IAxDocContainer.cpp">
      <Filter>Source Files</Filter>
    </ClCompile>
    <ClCompile Include="ICliSite.Cpp">
      <Filter>Source Files</Filter>
    </ClCompile>
    <ClCompile Include="IDocSite.Cpp">
      <Filter>Source Files</Filter>
    </ClCompile>
    <ClCompile Include="IIpSite.Cpp">
      <Filter>Source Files</Filter>
    </ClCompile>
    <ClCompile Include="ole_page.cpp">
      <Filter>Source Files</Filter>
    </ClCompile>
    <ClCompile Include="ole_utils.cpp">
      <Filter>Source Files</Filter>
    </ClCompile>
    <ClCompile Include="OleClient.cpp">
      <Filter>Source Files</Filter>
    </ClCompile>
    <ClCompile Include="OleItem.cpp">
      <Filter>Source Files</Filter>
    </ClCompile>
    <ClCompile Include="OleView.cpp">
      <Filter>Source Files</Filter>
    </ClCompile>
    <ClCompile Include="render.cpp">
      <Filter>Source Files</Filter>
    </ClCompile>
    <ClCompile Include="StdAfx.cpp">
      <Filter>Source Files</Filter>
    </ClCompile>
  </ItemGroup>
  <ItemGroup>
    <None Include="com_export.def">
      <Filter>Source Files</Filter>
    </None>
    <None Include="icon1.ico">
      <Filter>Resource Files</Filter>
    </None>
    <None Include="res\OleClient.rc2">
      <Filter>Resource Files</Filter>
    </None>
    <None Include="toolbar1.bmp">
      <Filter>Resource Files</Filter>
    </None>
    <None Include="ReadMe.txt" />
  </ItemGroup>
  <ItemGroup>
    <ResourceCompile Include="OleClient.rc">
      <Filter>Source Files</Filter>
    </ResourceCompile>
  </ItemGroup>
  <ItemGroup>
    <ClInclude Include="actions.h">
      <Filter>Header Files</Filter>
    </ClInclude>
    <ClInclude Include="AxDocContainer.h">
      <Filter>Header Files</Filter>
    </ClInclude>
    <ClInclude Include="AxDocSite.h">
      <Filter>Header Files</Filter>
    </ClInclude>
    <ClInclude Include="Constant.h">
      <Filter>Header Files</Filter>
    </ClInclude>
    <ClInclude Include="ole_page.h">
      <Filter>Header Files</Filter>
    </ClInclude>
    <ClInclude Include="ole_utils.h">
      <Filter>Header Files</Filter>
    </ClInclude>
    <ClInclude Include="OleItem.h">
      <Filter>Header Files</Filter>
    </ClInclude>
    <ClInclude Include="OleView.h">
      <Filter>Header Files</Filter>
    </ClInclude>
    <ClInclude Include="render.h">
      <Filter>Header Files</Filter>
    </ClInclude>
    <ClInclude Include="resource.h">
      <Filter>Header Files</Filter>
    </ClInclude>
    <ClInclude Include="StdAfx.h">
      <Filter>Header Files</Filter>
    </ClInclude>
  </ItemGroup>
</Project>