<?xml version="1.0" encoding="utf-8"?>
<Project ToolsVersion="4.0" xmlns="http://schemas.microsoft.com/developer/msbuild/2003">
  <ItemGroup>
    <Filter Include="Header Files">
      <UniqueIdentifier>{167a6331-92b3-4f56-b632-afa2e3741593}</UniqueIdentifier>
      <Extensions>h;hpp;hxx;hm;inl</Extensions>
    </Filter>
    <Filter Include="Resource Files">
      <UniqueIdentifier>{4c427f2a-5f1f-45f6-9d2c-9d9cfb06beb2}</UniqueIdentifier>
      <Extensions>ico;cur;bmp;dlg;rc2;rct;bin;rgs;gif;jpg;jpeg;jpe</Extensions>
    </Filter>
    <Filter Include="Source Files">
      <UniqueIdentifier>{957c7d47-0370-4983-9f73-38cbb626ac12}</UniqueIdentifier>
      <Extensions>cpp;c;cxx;rc;def;r;odl;idl;hpj;bat</Extensions>
    </Filter>
  </ItemGroup>
  <ItemGroup>
    <ClInclude Include="Albom.h">
      <Filter>Header Files</Filter>
    </ClInclude>
    <ClInclude Include="ArchiveEx.h">
      <Filter>Header Files</Filter>
    </ClInclude>
    <ClInclude Include="AutoBuildCount.h">
      <Filter>Header Files</Filter>
    </ClInclude>
    <ClInclude Include="BlankView.h">
      <Filter>Header Files</Filter>
    </ClInclude>
    <ClInclude Include="ChoiceActiveQuery.h">
      <Filter>Header Files</Filter>
    </ClInclude>
    <ClInclude Include="ChoiceTable.h">
      <Filter>Header Files</Filter>
    </ClInclude>
    <ClInclude Include="constant.h">
      <Filter>Header Files</Filter>
    </ClInclude>
    <ClInclude Include="ConvDlg.h">
      <Filter>Header Files</Filter>
    </ClInclude>
    <ClInclude Include="DBActions.h">
      <Filter>Header Files</Filter>
    </ClInclude>
    <ClInclude Include="DBaseDoc.h">
      <Filter>Header Files</Filter>
    </ClInclude>
    <ClInclude Include="DBaseEngine.h">
      <Filter>Header Files</Filter>
    </ClInclude>
    <ClInclude Include="DBaseGridCtrl.h">
      <Filter>Header Files</Filter>
    </ClInclude>
    <ClInclude Include="DBaseGridView.h">
      <Filter>Header Files</Filter>
    </ClInclude>
    <ClInclude Include="DBaseInfoDlg.h">
      <Filter>Header Files</Filter>
    </ClInclude>
    <ClInclude Include="DBaseListenerImpl.h">
      <Filter>Header Files</Filter>
    </ClInclude>
    <ClInclude Include="DBaseWiz.h">
      <Filter>Header Files</Filter>
    </ClInclude>
    <ClInclude Include="DBEXCEPT.H">
      <Filter>Header Files</Filter>
    </ClInclude>
    <ClInclude Include="DBFindDlg.h">
      <Filter>Header Files</Filter>
    </ClInclude>
    <ClInclude Include="dbmacros.h">
      <Filter>Header Files</Filter>
    </ClInclude>
    <ClInclude Include="DBStructDlg.h">
      <Filter>Header Files</Filter>
    </ClInclude>
    <ClInclude Include="Dib.h">
      <Filter>Header Files</Filter>
    </ClInclude>
    <ClInclude Include="docMan.h">
      <Filter>Header Files</Filter>
    </ClInclude>
    <ClInclude Include="EDITDLG.H">
      <Filter>Header Files</Filter>
    </ClInclude>
    <ClInclude Include="ERRORDLG.H">
      <Filter>Header Files</Filter>
    </ClInclude>
    <ClInclude Include="ExecuteDlg.h">
      <Filter>Header Files</Filter>
    </ClInclude>
    <ClInclude Include="FieldProp.h">
      <Filter>Header Files</Filter>
    </ClInclude>
    <ClInclude Include="filterbase.h">
      <Filter>Header Files</Filter>
    </ClInclude>
    <ClInclude Include="FilterCondition.h">
      <Filter>Header Files</Filter>
    </ClInclude>
    <ClInclude Include="FilterNameDlg.h">
      <Filter>Header Files</Filter>
    </ClInclude>
    <ClInclude Include="FilterOrganizerDlg.h">
      <Filter>Header Files</Filter>
    </ClInclude>
    <ClInclude Include="FilterPropPage.h">
      <Filter>Header Files</Filter>
    </ClInclude>
    <ClInclude Include="FlterViewImpl.h">
      <Filter>Header Files</Filter>
    </ClInclude>
    <ClInclude Include="GalleryView.h">
      <Filter>Header Files</Filter>
    </ClInclude>
    <ClInclude Include="Generate.h">
      <Filter>Header Files</Filter>
    </ClInclude>
    <ClInclude Include="GenerateDlg.h">
      <Filter>Header Files</Filter>
    </ClInclude>
    <ClInclude Include="GridCellCombo.h">
      <Filter>Header Files</Filter>
    </ClInclude>
    <ClInclude Include="GridOptionsDlg.h">
      <Filter>Header Files</Filter>
    </ClInclude>
    <ClInclude Include="NewDBTempl.h">
      <Filter>Header Files</Filter>
    </ClInclude>
    <ClInclude Include="PlaceTargetDlg.h">
      <Filter>Header Files</Filter>
    </ClInclude>
    <ClInclude Include="Popup.h">
      <Filter>Header Files</Filter>
    </ClInclude>
    <ClInclude Include="PopupList.h">
      <Filter>Header Files</Filter>
    </ClInclude>
    <ClInclude Include="PopupTools.h">
      <Filter>Header Files</Filter>
    </ClInclude>
    <ClInclude Include="PropPageDlg.h">
      <Filter>Header Files</Filter>
    </ClInclude>
    <ClInclude Include="querybase.h">
      <Filter>Header Files</Filter>
    </ClInclude>
    <ClInclude Include="QueryFile.h">
      <Filter>Header Files</Filter>
    </ClInclude>
    <ClInclude Include="QueryWiz.h">
      <Filter>Header Files</Filter>
    </ClInclude>
    <ClInclude Include="RecordInfoDlg.h">
      <Filter>Header Files</Filter>
    </ClInclude>
    <ClInclude Include="Resource.h">
      <Filter>Header Files</Filter>
    </ClInclude>
    <ClInclude Include="selectquery.h">
      <Filter>Header Files</Filter>
    </ClInclude>
    <ClInclude Include="SimpleFieldPage.h">
      <Filter>Header Files</Filter>
    </ClInclude>
    <ClInclude Include="SQLTextDlg.h">
      <Filter>Header Files</Filter>
    </ClInclude>
    <ClInclude Include="StdAfx.h">
      <Filter>Header Files</Filter>
    </ClInclude>
    <ClInclude Include="TalbeWiz.h">
      <Filter>Header Files</Filter>
    </ClInclude>
    <ClInclude Include="types.h">
      <Filter>Header Files</Filter>
    </ClInclude>
    <ClInclude Include="VisualEdit.h">
      <Filter>Header Files</Filter>
    </ClInclude>
    <ClInclude Include="Wizards.h">
      <Filter>Header Files</Filter>
    </ClInclude>
    <ClInclude Include="ZCONF.H">
      <Filter>Header Files</Filter>
    </ClInclude>
    <ClInclude Include="ZLIB.H">
      <Filter>Header Files</Filter>
    </ClInclude>
    <ClInclude Include="UserInfo.h">
      <Filter>Source Files</Filter>
    </ClInclude>
  </ItemGroup>
  <ItemGroup>
    <None Include="resource.hm">
      <Filter>Header Files</Filter>
    </None>
    <None Include="res\CurColSplit.cur">
      <Filter>Resource Files</Filter>
    </None>
    <None Include="res\CurColumn.cur">
      <Filter>Resource Files</Filter>
    </None>
    <None Include="res\CurHeight.cur">
      <Filter>Resource Files</Filter>
    </None>
    <None Include="res\CurRow.cur">
      <Filter>Resource Files</Filter>
    </None>
    <None Include="res\CurRowSplit.cur">
      <Filter>Resource Files</Filter>
    </None>
    <None Include="res\CurWidth.cur">
      <Filter>Resource Files</Filter>
    </None>
    <None Include="res\DBaseDoc.rc2">
      <Filter>Resource Files</Filter>
    </None>
    <None Include="DBaseDoc.def">
      <Filter>Source Files</Filter>
    </None>
  </ItemGroup>
  <ItemGroup>
    <Image Include="res\bitmap1.bmp">
      <Filter>Resource Files</Filter>
    </Image>
    <Image Include="res\bitmap2.bmp">
      <Filter>Resource Files</Filter>
    </Image>
    <Image Include="res\bitmap3.bmp">
      <Filter>Resource Files</Filter>
    </Image>
    <Image Include="res\bitmap4.bmp">
      <Filter>Resource Files</Filter>
    </Image>
    <Image Include="res\bmp00001.bmp">
      <Filter>Resource Files</Filter>
    </Image>
    <Image Include="bmp00001.bmp">
      <Filter>Resource Files</Filter>
    </Image>
    <Image Include="res\check1.bmp">
      <Filter>Resource Files</Filter>
    </Image>
    <Image Include="res\check2.bmp">
      <Filter>Resource Files</Filter>
    </Image>
    <Image Include="res\dbase_ob.ico">
      <Filter>Resource Files</Filter>
    </Image>
    <Image Include="DBDateTimeCtl.bmp">
      <Filter>Resource Files</Filter>
    </Image>
    <Image Include="DBNumberCtl.bmp">
      <Filter>Resource Files</Filter>
    </Image>
    <Image Include="DBTextCtl.bmp">
      <Filter>Resource Files</Filter>
    </Image>
    <Image Include="res\error.ico">
      <Filter>Resource Files</Filter>
    </Image>
    <Image Include="res\ico00001.ico">
      <Filter>Resource Files</Filter>
    </Image>
    <Image Include="res\ico00002.ico">
      <Filter>Resource Files</Filter>
    </Image>
    <Image Include="res\ico00003.ico">
      <Filter>Resource Files</Filter>
    </Image>
    <Image Include="res\ico00004.ico">
      <Filter>Resource Files</Filter>
    </Image>
    <Image Include="icon.ico">
      <Filter>Resource Files</Filter>
    </Image>
    <Image Include="res\icon1.ico">
      <Filter>Resource Files</Filter>
    </Image>
    <Image Include="res\icon2.ico">
      <Filter>Resource Files</Filter>
    </Image>
    <Image Include="res\icon_can.ico">
      <Filter>Resource Files</Filter>
    </Image>
    <Image Include="res\icon_sel.ico">
      <Filter>Resource Files</Filter>
    </Image>
    <Image Include="res\Pattern.bmp">
      <Filter>Resource Files</Filter>
    </Image>
    <Image Include="res\qury_ico.ico">
      <Filter>Resource Files</Filter>
    </Image>
    <Image Include="toolbar1.bmp">
      <Filter>Resource Files</Filter>
    </Image>
  </ItemGroup>
  <ItemGroup>
    <ClCompile Include="Albom.cpp">
      <Filter>Source Files</Filter>
    </ClCompile>
    <ClCompile Include="AnalizeBlank.cpp">
      <Filter>Source Files</Filter>
    </ClCompile>
    <ClCompile Include="ArchiveEx.cpp">
      <Filter>Source Files</Filter>
    </ClCompile>
    <ClCompile Include="BlankView.cpp">
      <Filter>Source Files</Filter>
    </ClCompile>
    <ClCompile Include="ChoiceActiveQuery.cpp">
      <Filter>Source Files</Filter>
    </ClCompile>
    <ClCompile Include="ChoiceTable.cpp">
      <Filter>Source Files</Filter>
    </ClCompile>
    <ClCompile Include="ConvDlg.cpp">
      <Filter>Source Files</Filter>
    </ClCompile>
    <ClCompile Include="DBActions.cpp">
      <Filter>Source Files</Filter>
    </ClCompile>
    <ClCompile Include="DBaseDoc.cpp">
      <Filter>Source Files</Filter>
    </ClCompile>
    <ClCompile Include="DBaseEngine.cpp">
      <Filter>Source Files</Filter>
    </ClCompile>
    <ClCompile Include="DBaseGridCtrl.cpp">
      <Filter>Source Files</Filter>
    </ClCompile>
    <ClCompile Include="DBaseGridView.cpp">
      <Filter>Source Files</Filter>
    </ClCompile>
    <ClCompile Include="DBaseInfoDlg.cpp">
      <Filter>Source Files</Filter>
    </ClCompile>
    <ClCompile Include="DBaseListenerImpl.cpp">
      <Filter>Source Files</Filter>
    </ClCompile>
    <ClCompile Include="DBaseWiz.cpp">
      <Filter>Source Files</Filter>
    </ClCompile>
    <ClCompile Include="DBEXCEPT.CPP">
      <Filter>Source Files</Filter>
    </ClCompile>
    <ClCompile Include="DBFindDlg.cpp">
      <Filter>Source Files</Filter>
    </ClCompile>
    <ClCompile Include="DBStructDlg.cpp">
      <Filter>Source Files</Filter>
    </ClCompile>
    <ClCompile Include="Dib.cpp">
      <Filter>Source Files</Filter>
    </ClCompile>
    <ClCompile Include="DocMan.cpp">
      <Filter>Source Files</Filter>
    </ClCompile>
    <ClCompile Include="docmanInterfaces.cpp">
      <Filter>Source Files</Filter>
    </ClCompile>
    <ClCompile Include="ERRORDLG.CPP">
      <Filter>Source Files</Filter>
    </ClCompile>
    <ClCompile Include="ExecuteDlg.cpp">
      <Filter>Source Files</Filter>
    </ClCompile>
    <ClCompile Include="FieldProp.cpp">
      <Filter>Source Files</Filter>
    </ClCompile>
    <ClCompile Include="filterbase.cpp">
      <Filter>Source Files</Filter>
    </ClCompile>
    <ClCompile Include="FilterCondition.cpp">
      <Filter>Source Files</Filter>
    </ClCompile>
    <ClCompile Include="FilterHolder.cpp">
      <Filter>Source Files</Filter>
    </ClCompile>
    <ClCompile Include="FilterNameDlg.cpp">
      <Filter>Source Files</Filter>
    </ClCompile>
    <ClCompile Include="FilterOrganizerDlg.cpp">
      <Filter>Source Files</Filter>
    </ClCompile>
    <ClCompile Include="FilterPropPage.cpp">
      <Filter>Source Files</Filter>
    </ClCompile>
    <ClCompile Include="FlterViewImpl.cpp">
      <Filter>Source Files</Filter>
    </ClCompile>
    <ClCompile Include="GalleryView.cpp">
      <Filter>Source Files</Filter>
    </ClCompile>
    <ClCompile Include="Generate.cpp">
      <Filter>Source Files</Filter>
    </ClCompile>
    <ClCompile Include="GenerateDlg.cpp">
      <Filter>Source Files</Filter>
    </ClCompile>
    <ClCompile Include="GridCellCombo.cpp">
      <Filter>Source Files</Filter>
    </ClCompile>
    <ClCompile Include="GridOptionsDlg.cpp">
      <Filter>Source Files</Filter>
    </ClCompile>
    <ClCompile Include="NewDBTempl.cpp">
      <Filter>Source Files</Filter>
    </ClCompile>
    <ClCompile Include="PlaceTargetDlg.cpp">
      <Filter>Source Files</Filter>
    </ClCompile>
    <ClCompile Include="Popup.cpp">
      <Filter>Source Files</Filter>
    </ClCompile>
    <ClCompile Include="PopupList.cpp">
      <Filter>Source Files</Filter>
    </ClCompile>
    <ClCompile Include="PropPageDlg.cpp">
      <Filter>Source Files</Filter>
    </ClCompile>
    <ClCompile Include="querybase.cpp">
      <Filter>Source Files</Filter>
    </ClCompile>
    <ClCompile Include="QueryFile.cpp">
      <Filter>Source Files</Filter>
    </ClCompile>
    <ClCompile Include="QueryWiz.cpp">
      <Filter>Source Files</Filter>
    </ClCompile>
    <ClCompile Include="RecordInfoDlg.cpp">
      <Filter>Source Files</Filter>
    </ClCompile>
    <ClCompile Include="SelectQuery.cpp">
      <Filter>Source Files</Filter>
    </ClCompile>
    <ClCompile Include="SimpleFieldPage.cpp">
      <Filter>Source Files</Filter>
    </ClCompile>
    <ClCompile Include="SQLTextDlg.cpp">
      <Filter>Source Files</Filter>
    </ClCompile>
    <ClCompile Include="StdAfx.cpp">
      <Filter>Source Files</Filter>
    </ClCompile>
    <ClCompile Include="TalbeWiz.cpp">
      <Filter>Source Files</Filter>
    </ClCompile>
    <ClCompile Include="types.cpp">
      <Filter>Source Files</Filter>
    </ClCompile>
    <ClCompile Include="UserInfo.cpp">
      <Filter>Source Files</Filter>
    </ClCompile>
    <ClCompile Include="utils.cpp">
      <Filter>Source Files</Filter>
    </ClCompile>
    <ClCompile Include="VisualEdit.cpp">
      <Filter>Source Files</Filter>
    </ClCompile>
    <ClCompile Include="Wizards.cpp">
      <Filter>Source Files</Filter>
    </ClCompile>
  </ItemGroup>
  <ItemGroup>
    <Midl Include="DBaseDoc.odl">
      <Filter>Source Files</Filter>
    </Midl>
  </ItemGroup>
  <ItemGroup>
    <ResourceCompile Include="DBaseDoc.rc">
      <Filter>Source Files</Filter>
    </ResourceCompile>
  </ItemGroup>
</Project>