<?xml version="1.0" encoding="utf-8"?>
<Project ToolsVersion="4.0" xmlns="http://schemas.microsoft.com/developer/msbuild/2003">
  <ItemGroup>
    <Filter Include="Source Files">
      <UniqueIdentifier>{9cb4d185-bf9e-4a1b-8921-54fce442f29f}</UniqueIdentifier>
      <Extensions>cpp;c;cxx;def;odl;idl;hpj;bat;asm</Extensions>
    </Filter>
    <Filter Include="Header Files">
      <UniqueIdentifier>{c0ad7351-99be-45e7-80c6-52c3bd926229}</UniqueIdentifier>
      <Extensions>h;hpp;hxx;hm;inl;inc</Extensions>
    </Filter>
    <Filter Include="Resource Files">
      <UniqueIdentifier>{926b57e3-65b0-4d1a-bd80-dcd7fc7b1a43}</UniqueIdentifier>
      <Extensions>rc;ico;cur;bmp;dlg;rc2;rct;bin;rgs;gif;jpg;jpeg;jpe</Extensions>
    </Filter>
  </ItemGroup>
  <ItemGroup>
    <ClCompile Include="action.cpp">
      <Filter>Source Files</Filter>
    </ClCompile>
    <ClCompile Include="FigureButton.cpp">
      <Filter>Source Files</Filter>
    </ClCompile>
    <ClCompile Include="FuncMethodListCtrl.cpp">
      <Filter>Source Files</Filter>
    </ClCompile>
    <ClCompile Include="GDIPlusManager.cpp">
      <Filter>Source Files</Filter>
    </ClCompile>
    <ClCompile Include="InputMsg.cpp">
      <Filter>Source Files</Filter>
    </ClCompile>
    <ClCompile Include="InputMtdName.cpp">
      <Filter>Source Files</Filter>
    </ClCompile>
    <ClCompile Include="Method.cpp">
      <Filter>Source Files</Filter>
    </ClCompile>
    <ClCompile Include="MethodDoer.cpp">
      <Filter>Source Files</Filter>
    </ClCompile>
    <ClCompile Include="MethodMan.cpp">
      <Filter>Source Files</Filter>
    </ClCompile>
    <ClCompile Include="MethodManState.cpp">
      <Filter>Source Files</Filter>
    </ClCompile>
    <ClCompile Include="MethodPanel.cpp">
      <Filter>Source Files</Filter>
    </ClCompile>
    <ClCompile Include="MethodStep.cpp">
      <Filter>Source Files</Filter>
    </ClCompile>
    <ClCompile Include="MetodDataUtil.cpp">
      <Filter>Source Files</Filter>
    </ClCompile>
    <ClCompile Include="Metodics.cpp">
      <Filter>Source Files</Filter>
    </ClCompile>
    <ClCompile Include="MetodicsTab.cpp">
      <Filter>Source Files</Filter>
    </ClCompile>
    <ClCompile Include="mtd_actions.cpp">
      <Filter>Source Files</Filter>
    </ClCompile>
    <ClCompile Include="mtd_utils.cpp">
      <Filter>Source Files</Filter>
    </ClCompile>
    <ClCompile Include="PaneBar.cpp">
      <Filter>Source Files</Filter>
    </ClCompile>
    <ClCompile Include="ParamDialog.cpp">
      <Filter>Source Files</Filter>
    </ClCompile>
    <ClCompile Include="stdafx.cpp">
      <Filter>Source Files</Filter>
    </ClCompile>
    <ClCompile Include="TreeFilter.cpp">
      <Filter>Source Files</Filter>
    </ClCompile>
  </ItemGroup>
  <ItemGroup>
    <None Include="Metodics.def">
      <Filter>Source Files</Filter>
    </None>
    <None Include="copy_method.bmp">
      <Filter>Resource Files</Filter>
    </None>
    <None Include="cur00001.cur">
      <Filter>Resource Files</Filter>
    </None>
    <None Include="del_func.bmp">
      <Filter>Resource Files</Filter>
    </None>
    <None Include="res\dragging.cur">
      <Filter>Resource Files</Filter>
    </None>
    <None Include="res\icon_close.ico">
      <Filter>Resource Files</Filter>
    </None>
    <None Include="res\icon_open.ico">
      <Filter>Resource Files</Filter>
    </None>
    <None Include="menu.ico">
      <Filter>Resource Files</Filter>
    </None>
    <None Include="method.ico">
      <Filter>Resource Files</Filter>
    </None>
    <None Include="res\Metodics.rc2">
      <Filter>Resource Files</Filter>
    </None>
    <None Include="new_method.bmp">
      <Filter>Resource Files</Filter>
    </None>
    <None Include="res\nodraggi.cur">
      <Filter>Resource Files</Filter>
    </None>
    <None Include="play_method.bmp">
      <Filter>Resource Files</Filter>
    </None>
    <None Include="props.bmp">
      <Filter>Resource Files</Filter>
    </None>
    <None Include="rec_off.bmp">
      <Filter>Resource Files</Filter>
    </None>
    <None Include="rec_on.bmp">
      <Filter>Resource Files</Filter>
    </None>
    <None Include="res\redo.bmp">
      <Filter>Resource Files</Filter>
    </None>
    <None Include="save_method.bmp">
      <Filter>Resource Files</Filter>
    </None>
    <None Include="toolbar1.bmp">
      <Filter>Resource Files</Filter>
    </None>
    <None Include="res\undo.bmp">
      <Filter>Resource Files</Filter>
    </None>
    <None Include="Model.mdx" />
    <None Include="ReadMe.txt" />
  </ItemGroup>
  <ItemGroup>
    <ClInclude Include="TreeFilter.h">
      <Filter>Source Files</Filter>
    </ClInclude>
    <ClInclude Include="action.h">
      <Filter>Header Files</Filter>
    </ClInclude>
    <ClInclude Include="FigureButton.h">
      <Filter>Header Files</Filter>
    </ClInclude>
    <ClInclude Include="FuncMethodListCtrl.h">
      <Filter>Header Files</Filter>
    </ClInclude>
    <ClInclude Include="GDIPlusManager.h">
      <Filter>Header Files</Filter>
    </ClInclude>
    <ClInclude Include="InputMsg.h">
      <Filter>Header Files</Filter>
    </ClInclude>
    <ClInclude Include="InputMtdName.h">
      <Filter>Header Files</Filter>
    </ClInclude>
    <ClInclude Include="Method.h">
      <Filter>Header Files</Filter>
    </ClInclude>
    <ClInclude Include="MethodDataUtil.h">
      <Filter>Header Files</Filter>
    </ClInclude>
    <ClInclude Include="MethodDoer.h">
      <Filter>Header Files</Filter>
    </ClInclude>
    <ClInclude Include="MethodMan.h">
      <Filter>Header Files</Filter>
    </ClInclude>
    <ClInclude Include="MethodManState.h">
      <Filter>Header Files</Filter>
    </ClInclude>
    <ClInclude Include="MethodPanel.h">
      <Filter>Header Files</Filter>
    </ClInclude>
    <ClInclude Include="MethodStep.h">
      <Filter>Header Files</Filter>
    </ClInclude>
    <ClInclude Include="Metodics.h">
      <Filter>Header Files</Filter>
    </ClInclude>
    <ClInclude Include="MetodicsTab.h">
      <Filter>Header Files</Filter>
    </ClInclude>
    <ClInclude Include="misc.h">
      <Filter>Header Files</Filter>
    </ClInclude>
    <ClInclude Include="mtd_actions.h">
      <Filter>Header Files</Filter>
    </ClInclude>
    <ClInclude Include="mtd_utils.h">
      <Filter>Header Files</Filter>
    </ClInclude>
    <ClInclude Include="PaneBar.h">
      <Filter>Header Files</Filter>
    </ClInclude>
    <ClInclude Include="ParamDialog.h">
      <Filter>Header Files</Filter>
    </ClInclude>
    <ClInclude Include="Resource.h">
      <Filter>Header Files</Filter>
    </ClInclude>
    <ClInclude Include="stdafx.h">
      <Filter>Header Files</Filter>
    </ClInclude>
  </ItemGroup>
  <ItemGroup>
    <ResourceCompile Include="Metodics.rc">
      <Filter>Resource Files</Filter>
    </ResourceCompile>
  </ItemGroup>
</Project>