<?xml version="1.0" encoding="utf-8"?>
<Project ToolsVersion="4.0" xmlns="http://schemas.microsoft.com/developer/msbuild/2003">
  <ItemGroup>
    <Filter Include="Idl">
      <UniqueIdentifier>{486908dc-7654-4569-b095-2dff70981f7c}</UniqueIdentifier>
    </Filter>
    <Filter Include="Header">
      <UniqueIdentifier>{f55899ba-8e6d-4e8a-a670-cfc9f93b4d95}</UniqueIdentifier>
      <Extensions>*.h</Extensions>
    </Filter>
    <Filter Include="Idl Headers">
      <UniqueIdentifier>{998d25d1-f275-4707-8d7c-cdc43e3002a8}</UniqueIdentifier>
      <Extensions>*.h</Extensions>
    </Filter>
  </ItemGroup>
  <ItemGroup>
    <Midl Include="avi.idl">
      <Filter>Idl</Filter>
    </Midl>
    <Midl Include="aview.idl">
      <Filter>Idl</Filter>
    </Midl>
    <Midl Include="BinaryImage.idl">
      <Filter>Idl</Filter>
    </Midl>
    <Midl Include="Charts.idl">
      <Filter>Idl</Filter>
    </Midl>
    <Midl Include="DataBook.idl">
      <Filter>Idl</Filter>
    </Midl>
    <Midl Include="dataview.idl">
      <Filter>Idl</Filter>
    </Midl>
    <Midl Include="MacroRecorder.idl">
      <Filter>Idl</Filter>
    </Midl>
    <Midl Include="measure.idl">
      <Filter>Idl</Filter>
    </Midl>
    <Midl Include="misc.idl">
      <Filter>Idl</Filter>
    </Midl>
    <Midl Include="miscdefs.idl">
      <Filter>Idl</Filter>
    </Midl>
    <Midl Include="OleClient.idl">
      <Filter>Idl</Filter>
    </Midl>
    <Midl Include="sewLI.idl">
      <Filter>Idl</Filter>
    </Midl>
    <Midl Include="StatData.idl">
      <Filter>Idl</Filter>
    </Midl>
    <Midl Include="statobject.idl">
      <Filter>Idl</Filter>
    </Midl>
    <Midl Include="StorageObj.idl">
      <Filter>Idl</Filter>
    </Midl>
    <Midl Include="TestMan.idl">
      <Filter>Idl</Filter>
    </Midl>
  </ItemGroup>
  <ItemGroup>
    <ClInclude Include="action5.h">
      <Filter>Header</Filter>
    </ClInclude>
    <ClInclude Include="action_ui_int.h">
      <Filter>Header</Filter>
    </ClInclude>
    <ClInclude Include="auditint.h">
      <Filter>Header</Filter>
    </ClInclude>
    <ClInclude Include="axint.h">
      <Filter>Header</Filter>
    </ClInclude>
    <ClInclude Include="calc_int.h">
      <Filter>Header</Filter>
    </ClInclude>
    <ClInclude Include="carioint.h">
      <Filter>Header</Filter>
    </ClInclude>
    <ClInclude Include="cgh_int.h">
      <Filter>Header</Filter>
    </ClInclude>
    <ClInclude Include="Chromosome.h">
      <Filter>Header</Filter>
    </ClInclude>
    <ClInclude Include="classify_int.h">
      <Filter>Header</Filter>
    </ClInclude>
    <ClInclude Include="clone.h">
      <Filter>Header</Filter>
    </ClInclude>
    <ClInclude Include="clonedata.h">
      <Filter>Header</Filter>
    </ClInclude>
    <ClInclude Include="ColorConvertorParams.h">
      <Filter>Header</Filter>
    </ClInclude>
    <ClInclude Include="compressint.h">
      <Filter>Header</Filter>
    </ClInclude>
    <ClInclude Include="core5.h">
      <Filter>Header</Filter>
    </ClInclude>
    <ClInclude Include="data5.h">
      <Filter>Header</Filter>
    </ClInclude>
    <ClInclude Include="docmiscint.h">
      <Filter>Header</Filter>
    </ClInclude>
    <ClInclude Include="docview5.h">
      <Filter>Header</Filter>
    </ClInclude>
    <ClInclude Include="editor5.h">
      <Filter>Header</Filter>
    </ClInclude>
    <ClInclude Include="editorint.h">
      <Filter>Header</Filter>
    </ClInclude>
    <ClInclude Include="fileopenint.h">
      <Filter>Header</Filter>
    </ClInclude>
    <ClInclude Include="fish_int.h">
      <Filter>Header</Filter>
    </ClInclude>
    <ClInclude Include="GuardInt.h">
      <Filter>Header</Filter>
    </ClInclude>
    <ClInclude Include="histint.h">
      <Filter>Header</Filter>
    </ClInclude>
    <ClInclude Include="idio_int.h">
      <Filter>Header</Filter>
    </ClInclude>
    <ClInclude Include="image5.h">
      <Filter>Header</Filter>
    </ClInclude>
    <ClInclude Include="imagemisc.h">
      <Filter>Header</Filter>
    </ClInclude>
    <ClInclude Include="Input.h">
      <Filter>Header</Filter>
    </ClInclude>
    <ClInclude Include="method_int.h">
      <Filter>Header</Filter>
    </ClInclude>
    <ClInclude Include="obj_man.h">
      <Filter>Header</Filter>
    </ClInclude>
    <ClInclude Include="object5.h">
      <Filter>Header</Filter>
    </ClInclude>
    <ClInclude Include="oledata.h">
      <Filter>Header</Filter>
    </ClInclude>
    <ClInclude Include="PropBag.h">
      <Filter>Header</Filter>
    </ClInclude>
    <ClInclude Include="PropPageInt.h">
      <Filter>Header</Filter>
    </ClInclude>
    <ClInclude Include="script_int.h">
      <Filter>Header</Filter>
    </ClInclude>
    <ClInclude Include="scriptdocint.h">
      <Filter>Header</Filter>
    </ClInclude>
    <ClInclude Include="ScriptNotifyInt.h">
      <Filter>Header</Filter>
    </ClInclude>
    <ClInclude Include="statistics.h">
      <Filter>Header</Filter>
    </ClInclude>
    <ClInclude Include="statui_int.h">
      <Filter>Header</Filter>
    </ClInclude>
    <ClInclude Include="statusint.h">
      <Filter>Header</Filter>
    </ClInclude>
    <ClInclude Include="test_man.h">
      <Filter>Header</Filter>
    </ClInclude>
    <ClInclude Include="thumbnail.h">
      <Filter>Header</Filter>
    </ClInclude>
    <ClInclude Include="trajectory_int.h">
      <Filter>Header</Filter>
    </ClInclude>
    <ClInclude Include="undoint.h">
      <Filter>Header</Filter>
    </ClInclude>
    <ClInclude Include="window5.h">
      <Filter>Header</Filter>
    </ClInclude>
    <ClInclude Include="avi_int.h">
      <Filter>Idl Headers</Filter>
    </ClInclude>
    <ClInclude Include="aview_int.h">
      <Filter>Idl Headers</Filter>
    </ClInclude>
    <ClInclude Include="binimageint.h">
      <Filter>Idl Headers</Filter>
    </ClInclude>
    <ClInclude Include="calibrint.h">
      <Filter>Idl Headers</Filter>
    </ClInclude>
    <ClInclude Include="Charts_int.h">
      <Filter>Idl Headers</Filter>
    </ClInclude>
    <ClInclude Include="Classes5.h">
      <Filter>Idl Headers</Filter>
    </ClInclude>
    <ClInclude Include="MacroRecorder_int.h">
      <Filter>Idl Headers</Filter>
    </ClInclude>
    <ClInclude Include="measure5.h">
      <Filter>Idl Headers</Filter>
    </ClInclude>
    <ClInclude Include="misc5.h">
      <Filter>Idl Headers</Filter>
    </ClInclude>
    <ClInclude Include="statdata_int.h">
      <Filter>Idl Headers</Filter>
    </ClInclude>
    <ClInclude Include="StorageObj_int.h">
      <Filter>Idl Headers</Filter>
    </ClInclude>
    <ClInclude Include="aliaseint.h" />
    <ClInclude Include="BinaryImage_int.h" />
    <ClInclude Include="idiodbase_int.h" />
    <ClInclude Include="iSewLI.h" />
    <ClInclude Include="sewLI_int.h" />
  </ItemGroup>
</Project>