<?xml version="1.0" encoding="utf-8"?>
<Project ToolsVersion="4.0" xmlns="http://schemas.microsoft.com/developer/msbuild/2003">
  <ItemGroup>
    <Filter Include="Source Files">
      <UniqueIdentifier>{b0e91be3-2087-4a46-83f1-fae2abe3c0c9}</UniqueIdentifier>
      <Extensions>cpp;c;cxx;rc;def;r;odl;idl;hpj;bat</Extensions>
    </Filter>
    <Filter Include="Header Files">
      <UniqueIdentifier>{666e90e1-2e53-44e1-a14f-a67d01f1b105}</UniqueIdentifier>
      <Extensions>h;hpp;hxx;hm;inl</Extensions>
    </Filter>
  </ItemGroup>
  <ItemGroup>
    <ClCompile Include="action_filter.cpp">
      <Filter>Source Files</Filter>
    </ClCompile>
    <ClCompile Include="action_interactive.cpp">
      <Filter>Source Files</Filter>
    </ClCompile>
    <ClCompile Include="action_main.cpp">
      <Filter>Source Files</Filter>
    </ClCompile>
    <ClCompile Include="action_misc.cpp">
      <Filter>Source Files</Filter>
    </ClCompile>
    <ClCompile Include="action_undo.cpp">
      <Filter>Source Files</Filter>
    </ClCompile>
    <ClCompile Include="ax_events.cpp">
      <Filter>Source Files</Filter>
    </ClCompile>
    <ClCompile Include="ax_host.cpp">
      <Filter>Source Files</Filter>
    </ClCompile>
    <ClCompile Include="ColorsNames.cpp">
      <Filter>Source Files</Filter>
    </ClCompile>
    <ClCompile Include="com_main.cpp">
      <Filter>Source Files</Filter>
    </ClCompile>
    <ClCompile Include="com_unknown.cpp">
      <Filter>Source Files</Filter>
    </ClCompile>
    <ClCompile Include="data_main.cpp">
      <Filter>Source Files</Filter>
    </ClCompile>
    <ClCompile Include="file_main.cpp">
      <Filter>Source Files</Filter>
    </ClCompile>
    <ClCompile Include="..\common\HelpDlgImpl.cpp">
      <Filter>Source Files</Filter>
    </ClCompile>
    <ClCompile Include="helper.cpp">
      <Filter>Source Files</Filter>
    </ClCompile>
    <ClCompile Include="..\common\ImagePane.cpp">
      <Filter>Source Files</Filter>
    </ClCompile>
    <ClCompile Include="impl_draw.cpp">
      <Filter>Source Files</Filter>
    </ClCompile>
    <ClCompile Include="impl_event.cpp">
      <Filter>Source Files</Filter>
    </ClCompile>
    <ClCompile Include="impl_help.cpp">
      <Filter>Source Files</Filter>
    </ClCompile>
    <ClCompile Include="impl_long.cpp">
      <Filter>Source Files</Filter>
    </ClCompile>
    <ClCompile Include="impl_message.cpp">
      <Filter>Source Files</Filter>
    </ClCompile>
    <ClCompile Include="impl_misc.cpp">
      <Filter>Source Files</Filter>
    </ClCompile>
    <ClCompile Include="impl_mouse.cpp">
      <Filter>Source Files</Filter>
    </ClCompile>
    <ClCompile Include="ini_values.cpp">
      <Filter>Source Files</Filter>
    </ClCompile>
    <ClCompile Include="..\common\MenuRegistrator.cpp">
      <Filter>Source Files</Filter>
    </ClCompile>
    <ClCompile Include="misc_calibr.cpp">
      <Filter>Source Files</Filter>
    </ClCompile>
    <ClCompile Include="misc_utils.cpp">
      <Filter>Source Files</Filter>
    </ClCompile>
    <ClCompile Include="msic_list.cpp">
      <Filter>Source Files</Filter>
    </ClCompile>
    <ClCompile Include="RegHelp.cpp">
      <Filter>Source Files</Filter>
    </ClCompile>
    <ClCompile Include="StdAfx.cpp">
      <Filter>Source Files</Filter>
    </ClCompile>
    <ClCompile Include="win_dlg.cpp">
      <Filter>Source Files</Filter>
    </ClCompile>
    <ClCompile Include="win_main.cpp">
      <Filter>Source Files</Filter>
    </ClCompile>
    <ClCompile Include="win_page.cpp">
      <Filter>Source Files</Filter>
    </ClCompile>
    <ClCompile Include="win_view.cpp">
      <Filter>Source Files</Filter>
    </ClCompile>
  </ItemGroup>
  <ItemGroup>
    <None Include="com_export.def">
      <Filter>Source Files</Filter>
    </None>
    <None Include="misc_classes.inl">
      <Filter>Header Files</Filter>
    </None>
    <None Include="misc_list.inl">
      <Filter>Header Files</Filter>
    </None>
  </ItemGroup>
  <ItemGroup>
    <ClInclude Include="action_filter.h">
      <Filter>Header Files</Filter>
    </ClInclude>
    <ClInclude Include="action_interactive.h">
      <Filter>Header Files</Filter>
    </ClInclude>
    <ClInclude Include="action_main.h">
      <Filter>Header Files</Filter>
    </ClInclude>
    <ClInclude Include="action_misc.h">
      <Filter>Header Files</Filter>
    </ClInclude>
    <ClInclude Include="action_undo.h">
      <Filter>Header Files</Filter>
    </ClInclude>
    <ClInclude Include="AutoBuildCount.h">
      <Filter>Header Files</Filter>
    </ClInclude>
    <ClInclude Include="ax_events.h">
      <Filter>Header Files</Filter>
    </ClInclude>
    <ClInclude Include="ax_host.h">
      <Filter>Header Files</Filter>
    </ClInclude>
    <ClInclude Include="class_cache.h">
      <Filter>Header Files</Filter>
    </ClInclude>
    <ClInclude Include="class_utils.h">
      <Filter>Header Files</Filter>
    </ClInclude>
    <ClInclude Include="ColorsNames.h">
      <Filter>Header Files</Filter>
    </ClInclude>
    <ClInclude Include="com_defs.h">
      <Filter>Header Files</Filter>
    </ClInclude>
    <ClInclude Include="com_main.h">
      <Filter>Header Files</Filter>
    </ClInclude>
    <ClInclude Include="com_unknown.h">
      <Filter>Header Files</Filter>
    </ClInclude>
    <ClInclude Include="data_main.h">
      <Filter>Header Files</Filter>
    </ClInclude>
    <ClInclude Include="file_main.h">
      <Filter>Header Files</Filter>
    </ClInclude>
    <ClInclude Include="..\common\HelpDlgImpl.h">
      <Filter>Header Files</Filter>
    </ClInclude>
    <ClInclude Include="helper.h">
      <Filter>Header Files</Filter>
    </ClInclude>
    <ClInclude Include="IDispatchImpl.h">
      <Filter>Header Files</Filter>
    </ClInclude>
    <ClInclude Include="..\common\ImagePane.h">
      <Filter>Header Files</Filter>
    </ClInclude>
    <ClInclude Include="impl_draw.h">
      <Filter>Header Files</Filter>
    </ClInclude>
    <ClInclude Include="impl_event.h">
      <Filter>Header Files</Filter>
    </ClInclude>
    <ClInclude Include="impl_help.h">
      <Filter>Header Files</Filter>
    </ClInclude>
    <ClInclude Include="impl_long.h">
      <Filter>Header Files</Filter>
    </ClInclude>
    <ClInclude Include="impl_misc.h">
      <Filter>Header Files</Filter>
    </ClInclude>
    <ClInclude Include="impl_mouse.h">
      <Filter>Header Files</Filter>
    </ClInclude>
    <ClInclude Include="ini_values.h">
      <Filter>Header Files</Filter>
    </ClInclude>
    <ClInclude Include="..\common\MenuRegistrator.h">
      <Filter>Header Files</Filter>
    </ClInclude>
    <ClInclude Include="misc_calibr.h">
      <Filter>Header Files</Filter>
    </ClInclude>
    <ClInclude Include="misc_classes.h">
      <Filter>Header Files</Filter>
    </ClInclude>
    <ClInclude Include="misc_const.h">
      <Filter>Header Files</Filter>
    </ClInclude>
    <ClInclude Include="misc_list.h">
      <Filter>Header Files</Filter>
    </ClInclude>
    <ClInclude Include="misc_math.h">
      <Filter>Header Files</Filter>
    </ClInclude>
    <ClInclude Include="misc_new.h">
      <Filter>Header Files</Filter>
    </ClInclude>
    <ClInclude Include="misc_templ.h">
      <Filter>Header Files</Filter>
    </ClInclude>
    <ClInclude Include="misc_utils.h">
      <Filter>Header Files</Filter>
    </ClInclude>
    <ClInclude Include="RegHelp.h">
      <Filter>Header Files</Filter>
    </ClInclude>
    <ClInclude Include="StdAfx.h">
      <Filter>Header Files</Filter>
    </ClInclude>
    <ClInclude Include="stringex.h">
      <Filter>Header Files</Filter>
    </ClInclude>
    <ClInclude Include="win_dlg.h">
      <Filter>Header Files</Filter>
    </ClInclude>
    <ClInclude Include="win_main.h">
      <Filter>Header Files</Filter>
    </ClInclude>
    <ClInclude Include="win_page.h">
      <Filter>Header Files</Filter>
    </ClInclude>
    <ClInclude Include="win_view.h">
      <Filter>Header Files</Filter>
    </ClInclude>
  </ItemGroup>
</Project>