<?xml version="1.0" encoding="utf-8"?>
<Project ToolsVersion="4.0" xmlns="http://schemas.microsoft.com/developer/msbuild/2003">
  <ItemGroup>
    <Filter Include="Source Files">
      <UniqueIdentifier>{979ff8f8-29ea-48f4-9d18-d2a73a8c1100}</UniqueIdentifier>
      <Extensions>cpp;c;cxx;rc;def;r;odl;idl;hpj;bat</Extensions>
    </Filter>
    <Filter Include="Header Files">
      <UniqueIdentifier>{d41ae5dc-3fbe-4525-b796-29044c9d12e2}</UniqueIdentifier>
      <Extensions>h;hpp;hxx;hm;inl</Extensions>
    </Filter>
    <Filter Include="Resource Files">
      <UniqueIdentifier>{26033313-8e5b-4f44-b7a2-7335bd98503f}</UniqueIdentifier>
      <Extensions>ico;cur;bmp;dlg;rc2;rct;bin;rgs;gif;jpg;jpeg;jpe</Extensions>
    </Filter>
  </ItemGroup>
  <ItemGroup>
    <ClCompile Include="ChartDataSite.cpp">
      <Filter>Source Files</Filter>
    </ClCompile>
    <ClCompile Include="ChartDrawer.cpp">
      <Filter>Source Files</Filter>
    </ClCompile>
    <ClCompile Include="Charts.cpp">
      <Filter>Source Files</Filter>
    </ClCompile>
    <ClCompile Include="GDIPlusManager.cpp">
      <Filter>Source Files</Filter>
    </ClCompile>
    <ClCompile Include="GuardChartDrawer.cpp">
      <Filter>Source Files</Filter>
    </ClCompile>
    <ClCompile Include="IChartAttributesImpl.cpp">
      <Filter>Source Files</Filter>
    </ClCompile>
    <ClCompile Include="IChartDrawerImpl.cpp">
      <Filter>Source Files</Filter>
    </ClCompile>
    <ClCompile Include="ISmartChartDrawerImpl.cpp">
      <Filter>Source Files</Filter>
    </ClCompile>
    <ClCompile Include="IUnknowImpl.cpp">
      <Filter>Source Files</Filter>
    </ClCompile>
    <ClCompile Include="StdAfx.cpp">
      <Filter>Source Files</Filter>
    </ClCompile>
  </ItemGroup>
  <ItemGroup>
    <None Include="Charts.def">
      <Filter>Source Files</Filter>
    </None>
    <None Include="res\charts.rc2">
      <Filter>Resource Files</Filter>
    </None>
  </ItemGroup>
  <ItemGroup>
    <ResourceCompile Include="Charts.rc">
      <Filter>Source Files</Filter>
    </ResourceCompile>
  </ItemGroup>
  <ItemGroup>
    <ClInclude Include="ChartDataSite.h">
      <Filter>Header Files</Filter>
    </ClInclude>
    <ClInclude Include="ChartDrawer.h">
      <Filter>Header Files</Filter>
    </ClInclude>
    <ClInclude Include="GDIPlusManager.h">
      <Filter>Header Files</Filter>
    </ClInclude>
    <ClInclude Include="GuardChartDrawer.h">
      <Filter>Header Files</Filter>
    </ClInclude>
    <ClInclude Include="IChartAttributesImpl.h">
      <Filter>Header Files</Filter>
    </ClInclude>
    <ClInclude Include="IChartDrawerImpl.h">
      <Filter>Header Files</Filter>
    </ClInclude>
    <ClInclude Include="ifaces.h">
      <Filter>Header Files</Filter>
    </ClInclude>
    <ClInclude Include="ISmartChartDrawerImpl.h">
      <Filter>Header Files</Filter>
    </ClInclude>
    <ClInclude Include="IUnknowImpl.h">
      <Filter>Header Files</Filter>
    </ClInclude>
    <ClInclude Include="misc.h">
      <Filter>Header Files</Filter>
    </ClInclude>
    <ClInclude Include="misc_fn.h">
      <Filter>Header Files</Filter>
    </ClInclude>
    <ClInclude Include="resource.h">
      <Filter>Header Files</Filter>
    </ClInclude>
    <ClInclude Include="StdAfx.h">
      <Filter>Header Files</Filter>
    </ClInclude>
  </ItemGroup>
  <ItemGroup>
    <Text Include="ReadMe.txt" />
  </ItemGroup>
</Project>