<?xml version="1.0" encoding="utf-8"?>
<Project ToolsVersion="4.0" xmlns="http://schemas.microsoft.com/developer/msbuild/2003">
  <ItemGroup>
    <Filter Include="Source Files">
      <UniqueIdentifier>{f9c06927-c48c-4f89-b9c7-2aaeb870bbc2}</UniqueIdentifier>
      <Extensions>cpp;c;cxx;def;odl;idl;hpj;bat;asm</Extensions>
    </Filter>
    <Filter Include="Header Files">
      <UniqueIdentifier>{ff4beb5e-2c5b-4144-b409-35c5fc606a7d}</UniqueIdentifier>
      <Extensions>h;hpp;hxx;hm;inl;inc</Extensions>
    </Filter>
    <Filter Include="Resource Files">
      <UniqueIdentifier>{1014f578-bffc-4d07-961d-9c7642399881}</UniqueIdentifier>
      <Extensions>rc;ico;cur;bmp;dlg;rc2;rct;bin;rgs;gif;jpg;jpeg;jpe</Extensions>
    </Filter>
  </ItemGroup>
  <ItemGroup>
    <ClCompile Include="Accumulate.cpp">
      <Filter>Source Files</Filter>
    </ClCompile>
    <ClCompile Include="BaseDlg.cpp">
      <Filter>Source Files</Filter>
    </ClCompile>
    <ClCompile Include="BayerUtils.cpp">
      <Filter>Source Files</Filter>
    </ClCompile>
    <ClCompile Include="CamDefaults.cpp">
      <Filter>Source Files</Filter>
    </ClCompile>
    <ClCompile Include="CamThread.cpp">
      <Filter>Source Files</Filter>
    </ClCompile>
    <ClCompile Include="CamValues.cpp">
      <Filter>Source Files</Filter>
    </ClCompile>
    <ClCompile Include="CritSecEx.cpp">
      <Filter>Source Files</Filter>
    </ClCompile>
    <ClCompile Include="Ctrls.cpp">
      <Filter>Source Files</Filter>
    </ClCompile>
    <ClCompile Include="Debug.cpp">
      <Filter>Source Files</Filter>
    </ClCompile>
    <ClCompile Include="DriverPreview.cpp">
      <Filter>Source Files</Filter>
    </ClCompile>
    <ClCompile Include="ExposureMask.cpp">
      <Filter>Source Files</Filter>
    </ClCompile>
    <ClCompile Include="focus.cpp">
      <Filter>Source Files</Filter>
    </ClCompile>
    <ClCompile Include="Histbox.cpp">
      <Filter>Source Files</Filter>
    </ClCompile>
    <ClCompile Include="HistoDlg.cpp">
      <Filter>Source Files</Filter>
    </ClCompile>
    <ClCompile Include="ImageUtil.cpp">
      <Filter>Source Files</Filter>
    </ClCompile>
    <ClCompile Include="Library.cpp">
      <Filter>Source Files</Filter>
    </ClCompile>
    <ClCompile Include="MethCombo.cpp">
      <Filter>Source Files</Filter>
    </ClCompile>
    <ClCompile Include="MethNameDlg.cpp">
      <Filter>Source Files</Filter>
    </ClCompile>
    <ClCompile Include="PreviewPixDlg.cpp">
      <Filter>Source Files</Filter>
    </ClCompile>
    <ClCompile Include="PreviewStatic.cpp">
      <Filter>Source Files</Filter>
    </ClCompile>
    <ClCompile Include="Reposition.cpp">
      <Filter>Source Files</Filter>
    </ClCompile>
    <ClCompile Include="SettingsBase.cpp">
      <Filter>Source Files</Filter>
    </ClCompile>
    <ClCompile Include="SmartEdit.cpp">
      <Filter>Source Files</Filter>
    </ClCompile>
    <ClCompile Include="stdafx.cpp">
      <Filter>Source Files</Filter>
    </ClCompile>
    <ClCompile Include="StdProfile.cpp">
      <Filter>Source Files</Filter>
    </ClCompile>
    <ClCompile Include="Timer.cpp">
      <Filter>Source Files</Filter>
    </ClCompile>
    <ClCompile Include="vt4support.cpp">
      <Filter>Source Files</Filter>
    </ClCompile>
    <ClCompile Include="VT5Profile.cpp">
      <Filter>Source Files</Filter>
    </ClCompile>
    <ClCompile Include="VTAVI.CPP">
      <Filter>Source Files</Filter>
    </ClCompile>
  </ItemGroup>
  <ItemGroup>
    <ClInclude Include="Accumulate.h">
      <Filter>Header Files</Filter>
    </ClInclude>
    <ClInclude Include="BaseDlg.h">
      <Filter>Header Files</Filter>
    </ClInclude>
    <ClInclude Include="BayerUtils.h">
      <Filter>Header Files</Filter>
    </ClInclude>
    <ClInclude Include="BinResource.h">
      <Filter>Header Files</Filter>
    </ClInclude>
    <ClInclude Include="CamDefaults.h">
      <Filter>Header Files</Filter>
    </ClInclude>
    <ClInclude Include="CamThread.h">
      <Filter>Header Files</Filter>
    </ClInclude>
    <ClInclude Include="CamValues.h">
      <Filter>Header Files</Filter>
    </ClInclude>
    <ClInclude Include="CritSecEx.h">
      <Filter>Header Files</Filter>
    </ClInclude>
    <ClInclude Include="Ctrls.h">
      <Filter>Header Files</Filter>
    </ClInclude>
    <ClInclude Include="ddib.h">
      <Filter>Header Files</Filter>
    </ClInclude>
    <ClInclude Include="Debug.h">
      <Filter>Header Files</Filter>
    </ClInclude>
    <ClInclude Include="DlgSiteImpl.h">
      <Filter>Header Files</Filter>
    </ClInclude>
    <ClInclude Include="Dllinfo.h">
      <Filter>Header Files</Filter>
    </ClInclude>
    <ClInclude Include="Driver.h">
      <Filter>Header Files</Filter>
    </ClInclude>
    <ClInclude Include="DrvHelp.h">
      <Filter>Header Files</Filter>
    </ClInclude>
    <ClInclude Include="DrvPreview.h">
      <Filter>Header Files</Filter>
    </ClInclude>
    <ClInclude Include="ExposureMask.h">
      <Filter>Header Files</Filter>
    </ClInclude>
    <ClInclude Include="Fgdrv.h">
      <Filter>Header Files</Filter>
    </ClInclude>
    <ClInclude Include="Focus.h">
      <Filter>Header Files</Filter>
    </ClInclude>
    <ClInclude Include="Histbox.h">
      <Filter>Header Files</Filter>
    </ClInclude>
    <ClInclude Include="HistoDlg.h">
      <Filter>Header Files</Filter>
    </ClInclude>
    <ClInclude Include="Ids.h">
      <Filter>Header Files</Filter>
    </ClInclude>
    <ClInclude Include="ImageUtil.h">
      <Filter>Header Files</Filter>
    </ClInclude>
    <ClInclude Include="InputInt.h">
      <Filter>Header Files</Filter>
    </ClInclude>
    <ClInclude Include="Library.h">
      <Filter>Header Files</Filter>
    </ClInclude>
    <ClInclude Include="MethCombo.h">
      <Filter>Header Files</Filter>
    </ClInclude>
    <ClInclude Include="MethNameDlg.h">
      <Filter>Header Files</Filter>
    </ClInclude>
    <ClInclude Include="PreviewPixDlg.h">
      <Filter>Header Files</Filter>
    </ClInclude>
    <ClInclude Include="PreviewStatic.h">
      <Filter>Header Files</Filter>
    </ClInclude>
    <ClInclude Include="Reposition.h">
      <Filter>Header Files</Filter>
    </ClInclude>
    <ClInclude Include="SettingsBase.h">
      <Filter>Header Files</Filter>
    </ClInclude>
    <ClInclude Include="SmartEdit.h">
      <Filter>Header Files</Filter>
    </ClInclude>
    <ClInclude Include="stdafx.h">
      <Filter>Header Files</Filter>
    </ClInclude>
    <ClInclude Include="StdProfile.h">
      <Filter>Header Files</Filter>
    </ClInclude>
    <ClInclude Include="Timer.h">
      <Filter>Header Files</Filter>
    </ClInclude>
    <ClInclude Include="Utils.h">
      <Filter>Header Files</Filter>
    </ClInclude>
    <ClInclude Include="VideoHook.h">
      <Filter>Header Files</Filter>
    </ClInclude>
    <ClInclude Include="vt4support.h">
      <Filter>Header Files</Filter>
    </ClInclude>
    <ClInclude Include="VT5Profile.h">
      <Filter>Header Files</Filter>
    </ClInclude>
    <ClInclude Include="VTAviInfo.h">
      <Filter>Header Files</Filter>
    </ClInclude>
  </ItemGroup>
  <ItemGroup>
    <None Include="ReadMe.txt" />
  </ItemGroup>
</Project>