Microsoft Visual Studio Solution File, Format Version 7.00
Project("{8BC9CEB8-8B4A-11D0-8D11-00A0C91BC942}") = "a2r", "a2r\a2r.vcproj", "{D26CEC00-D189-4C46-87C2-BAA3BD8A5E29}"
EndProject
Project("{8BC9CEB8-8B4A-11D0-8D11-00A0C91BC942}") = "ActionGen", "ActionGen\ActionGen.vcproj", "{D3298CE0-291A-4510-9F04-1D61773733CE}"
EndProject
Project("{8BC9CEB8-8B4A-11D0-8D11-00A0C91BC942}") = "helpreg", "helpreg\helpreg.vcproj", "{BA2E1C84-87C7-46CA-A51D-05358BE658DD}"
EndProject
Project("{8BC9CEB8-8B4A-11D0-8D11-00A0C91BC942}") = "memtrace", "memtrace\memtrace.vcproj", "{7F7A8BB9-B900-4663-8B61-6A7BF055D01D}"
EndProject
Project("{8BC9CEB8-8B4A-11D0-8D11-00A0C91BC942}") = "reg_info", "reg_info\reg_info.vcproj", "{A5D4E6D1-38DC-48F5-85AC-DFFB15DDA9E7}"
EndProject
Project("{8BC9CEB8-8B4A-11D0-8D11-00A0C91BC942}") = "regclean", "regclean\regclean.vcproj", "{10322D13-CD82-4921-B10A-236732379192}"
EndProject
Project("{8BC9CEB8-8B4A-11D0-8D11-00A0C91BC942}") = "DBComp", "DBComp\DBComp.vcproj", "{1CC9FF3B-E2F0-4B68-8433-621D9002DDB0}"
EndProject
Project("{8BC9CEB8-8B4A-11D0-8D11-00A0C91BC942}") = "dirlist", "dirlist\dirlist.vcproj", "{EEA6EF30-0619-4762-8ECB-25D170F2BBB8}"
EndProject
Global
	GlobalSection(SourceCodeControl) = preSolution
		SccNumberOfProjects = 9
		SccLocalPath0 = .
		CanCheckoutShared = true
		SolutionUniqueID = {52FD71FE-0610-4CA5-AF68-74CE722091E5}
		SccProjectUniqueName1 = ActionGen\\ActionGen.vcproj
		SccProjectName1 = \u0022$/vt5/tools/ActionGen\u0022,\u0020ROCAAAAA
		SccLocalPath1 = ActionGen
		CanCheckoutShared = true
		SccProjectUniqueName2 = a2r\\a2r.vcproj
		SccLocalPath2 = .
		CanCheckoutShared = true
		SccProjectFilePathRelativizedFromConnection2 = a2r\\
		SccProjectUniqueName3 = helpreg\\helpreg.vcproj
		SccLocalPath3 = .
		CanCheckoutShared = true
		SccProjectFilePathRelativizedFromConnection3 = helpreg\\
		SccProjectUniqueName4 = memtrace\\memtrace.vcproj
		SccLocalPath4 = .
		CanCheckoutShared = true
		SccProjectFilePathRelativizedFromConnection4 = memtrace\\
		SccProjectUniqueName5 = reg_info\\reg_info.vcproj
		SccLocalPath5 = .
		CanCheckoutShared = true
		SccProjectFilePathRelativizedFromConnection5 = reg_info\\
		SccProjectUniqueName6 = regclean\\regclean.vcproj
		SccLocalPath6 = .
		CanCheckoutShared = true
		SccProjectFilePathRelativizedFromConnection6 = regclean\\
		SccProjectUniqueName7 = DBComp\\DBComp.vcproj
		SccProjectName7 = \u0022$/vt5/tools/DBComp\u0022,\u0020QEOAAAAA
		SccLocalPath7 = DBComp
		CanCheckoutShared = true
		SccProjectUniqueName8 = dirlist\\dirlist.vcproj
		SccProjectName8 = \u0022$/vt5/tools/dirlist\u0022,\u0020ZRLAAAAA
		SccLocalPath8 = dirlist
		CanCheckoutShared = true
	EndGlobalSection
	GlobalSection(SolutionConfiguration) = preSolution
		ConfigName.0 = Debug
		ConfigName.1 = Debug - Word
		ConfigName.2 = Release
	EndGlobalSection
	GlobalSection(ProjectDependencies) = postSolution
	EndGlobalSection
	GlobalSection(ProjectConfiguration) = postSolution
		{D26CEC00-D189-4C46-87C2-BAA3BD8A5E29}.Debug.ActiveCfg = Debug|Win32
		{D26CEC00-D189-4C46-87C2-BAA3BD8A5E29}.Debug.Build.0 = Debug|Win32
		{D26CEC00-D189-4C46-87C2-BAA3BD8A5E29}.Debug - Word.ActiveCfg = Debug|Win32
		{D26CEC00-D189-4C46-87C2-BAA3BD8A5E29}.Debug - Word.Build.0 = Debug|Win32
		{D26CEC00-D189-4C46-87C2-BAA3BD8A5E29}.Release.ActiveCfg = Release|Win32
		{D26CEC00-D189-4C46-87C2-BAA3BD8A5E29}.Release.Build.0 = Release|Win32
		{D3298CE0-291A-4510-9F04-1D61773733CE}.Debug.ActiveCfg = Debug|Win32
		{D3298CE0-291A-4510-9F04-1D61773733CE}.Debug.Build.0 = Debug|Win32
		{D3298CE0-291A-4510-9F04-1D61773733CE}.Debug - Word.ActiveCfg = Debug - Word|Win32
		{D3298CE0-291A-4510-9F04-1D61773733CE}.Debug - Word.Build.0 = Debug - Word|Win32
		{D3298CE0-291A-4510-9F04-1D61773733CE}.Release.ActiveCfg = Release|Win32
		{D3298CE0-291A-4510-9F04-1D61773733CE}.Release.Build.0 = Release|Win32
		{BA2E1C84-87C7-46CA-A51D-05358BE658DD}.Debug.ActiveCfg = Debug|Win32
		{BA2E1C84-87C7-46CA-A51D-05358BE658DD}.Debug.Build.0 = Debug|Win32
		{BA2E1C84-87C7-46CA-A51D-05358BE658DD}.Debug - Word.ActiveCfg = Debug|Win32
		{BA2E1C84-87C7-46CA-A51D-05358BE658DD}.Debug - Word.Build.0 = Debug|Win32
		{BA2E1C84-87C7-46CA-A51D-05358BE658DD}.Release.ActiveCfg = Release|Win32
		{BA2E1C84-87C7-46CA-A51D-05358BE658DD}.Release.Build.0 = Release|Win32
		{7F7A8BB9-B900-4663-8B61-6A7BF055D01D}.Debug.ActiveCfg = Debug|Win32
		{7F7A8BB9-B900-4663-8B61-6A7BF055D01D}.Debug.Build.0 = Debug|Win32
		{7F7A8BB9-B900-4663-8B61-6A7BF055D01D}.Debug - Word.ActiveCfg = Debug|Win32
		{7F7A8BB9-B900-4663-8B61-6A7BF055D01D}.Debug - Word.Build.0 = Debug|Win32
		{7F7A8BB9-B900-4663-8B61-6A7BF055D01D}.Release.ActiveCfg = Release|Win32
		{7F7A8BB9-B900-4663-8B61-6A7BF055D01D}.Release.Build.0 = Release|Win32
		{A5D4E6D1-38DC-48F5-85AC-DFFB15DDA9E7}.Debug.ActiveCfg = Debug|Win32
		{A5D4E6D1-38DC-48F5-85AC-DFFB15DDA9E7}.Debug.Build.0 = Debug|Win32
		{A5D4E6D1-38DC-48F5-85AC-DFFB15DDA9E7}.Debug - Word.ActiveCfg = Debug|Win32
		{A5D4E6D1-38DC-48F5-85AC-DFFB15DDA9E7}.Debug - Word.Build.0 = Debug|Win32
		{A5D4E6D1-38DC-48F5-85AC-DFFB15DDA9E7}.Release.ActiveCfg = Release|Win32
		{A5D4E6D1-38DC-48F5-85AC-DFFB15DDA9E7}.Release.Build.0 = Release|Win32
		{10322D13-CD82-4921-B10A-236732379192}.Debug.ActiveCfg = Debug|Win32
		{10322D13-CD82-4921-B10A-236732379192}.Debug.Build.0 = Debug|Win32
		{10322D13-CD82-4921-B10A-236732379192}.Debug - Word.ActiveCfg = Debug|Win32
		{10322D13-CD82-4921-B10A-236732379192}.Debug - Word.Build.0 = Debug|Win32
		{10322D13-CD82-4921-B10A-236732379192}.Release.ActiveCfg = Release|Win32
		{10322D13-CD82-4921-B10A-236732379192}.Release.Build.0 = Release|Win32
		{1CC9FF3B-E2F0-4B68-8433-621D9002DDB0}.Debug.ActiveCfg = Debug|Win32
		{1CC9FF3B-E2F0-4B68-8433-621D9002DDB0}.Debug.Build.0 = Debug|Win32
		{1CC9FF3B-E2F0-4B68-8433-621D9002DDB0}.Debug - Word.ActiveCfg = Debug|Win32
		{1CC9FF3B-E2F0-4B68-8433-621D9002DDB0}.Debug - Word.Build.0 = Debug|Win32
		{1CC9FF3B-E2F0-4B68-8433-621D9002DDB0}.Release.ActiveCfg = Release|Win32
		{1CC9FF3B-E2F0-4B68-8433-621D9002DDB0}.Release.Build.0 = Release|Win32
		{EEA6EF30-0619-4762-8ECB-25D170F2BBB8}.Debug.ActiveCfg = Debug|Win32
		{EEA6EF30-0619-4762-8ECB-25D170F2BBB8}.Debug.Build.0 = Debug|Win32
		{EEA6EF30-0619-4762-8ECB-25D170F2BBB8}.Debug - Word.ActiveCfg = Debug - Word|Win32
		{EEA6EF30-0619-4762-8ECB-25D170F2BBB8}.Debug - Word.Build.0 = Debug - Word|Win32
		{EEA6EF30-0619-4762-8ECB-25D170F2BBB8}.Release.ActiveCfg = Release|Win32
		{EEA6EF30-0619-4762-8ECB-25D170F2BBB8}.Release.Build.0 = Release|Win32
	EndGlobalSection
	GlobalSection(ExtensibilityGlobals) = postSolution
	EndGlobalSection
	GlobalSection(ExtensibilityAddIns) = postSolution
	EndGlobalSection
EndGlobal
