<?xml version="1.0" encoding="utf-8"?>
<Project ToolsVersion="4.0" xmlns="http://schemas.microsoft.com/developer/msbuild/2003">
  <ItemGroup>
    <Filter Include="Source Files">
      <UniqueIdentifier>{c9d75b87-9049-4334-82b8-34632413ac5d}</UniqueIdentifier>
      <Extensions>cpp;c;cxx;rc;def;r;odl;idl;hpj;bat</Extensions>
    </Filter>
    <Filter Include="Header Files">
      <UniqueIdentifier>{cf6b9b1f-b5d2-4bfe-9811-5934e6a38c96}</UniqueIdentifier>
      <Extensions>h;hpp;hxx;hm;inl</Extensions>
    </Filter>
    <Filter Include="Resource Files">
      <UniqueIdentifier>{e6f3e6f8-56e4-4a0b-b004-690d1784cf15}</UniqueIdentifier>
      <Extensions>ico;cur;bmp;dlg;rc2;rct;bin;rgs;gif;jpg;jpeg;jpe</Extensions>
    </Filter>
  </ItemGroup>
  <ItemGroup>
    <ClCompile Include="BCGColorDialog.cpp">
      <Filter>Source Files</Filter>
    </ClCompile>
    <ClCompile Include="BCGLocalRes.cpp">
      <Filter>Source Files</Filter>
    </ClCompile>
    <ClCompile Include="ColorBtn.cpp">
      <Filter>Source Files</Filter>
    </ClCompile>
    <ClCompile Include="ColorBtnDlg.cpp">
      <Filter>Source Files</Filter>
    </ClCompile>
    <ClCompile Include="ColorPage1.cpp">
      <Filter>Source Files</Filter>
    </ClCompile>
    <ClCompile Include="ColorPage2.cpp">
      <Filter>Source Files</Filter>
    </ClCompile>
    <ClCompile Include="ColorPage3.cpp">
      <Filter>Source Files</Filter>
    </ClCompile>
    <ClCompile Include="ColorRangeCtl.cpp">
      <Filter>Source Files</Filter>
    </ClCompile>
    <ClCompile Include="ColorRangePpg.cpp">
      <Filter>Source Files</Filter>
    </ClCompile>
    <ClCompile Include="GLOBALS.CPP">
      <Filter>Source Files</Filter>
    </ClCompile>
    <ClCompile Include="PowerColorPicker.cpp">
      <Filter>Source Files</Filter>
    </ClCompile>
    <ClCompile Include="PropertySheetCtrl.cpp">
      <Filter>Source Files</Filter>
    </ClCompile>
    <ClCompile Include="StdAfx.cpp">
      <Filter>Source Files</Filter>
    </ClCompile>
    <ClCompile Include="VTButton.cpp">
      <Filter>Source Files</Filter>
    </ClCompile>
    <ClCompile Include="VTColorPickerCtl.cpp">
      <Filter>Source Files</Filter>
    </ClCompile>
    <ClCompile Include="VTColorPickerPpg.cpp">
      <Filter>Source Files</Filter>
    </ClCompile>
    <ClCompile Include="VTComboBoxCtl.cpp">
      <Filter>Source Files</Filter>
    </ClCompile>
    <ClCompile Include="VTComboBoxPpg.cpp">
      <Filter>Source Files</Filter>
    </ClCompile>
    <ClCompile Include="vtcontrols2.cpp">
      <Filter>Source Files</Filter>
    </ClCompile>
    <ClCompile Include="VTProgressBarCtrl.cpp">
      <Filter>Source Files</Filter>
    </ClCompile>
    <ClCompile Include="VTProgressBarPropPage.cpp">
      <Filter>Source Files</Filter>
    </ClCompile>
    <ClCompile Include="VTRadioBtnCtrl.cpp">
      <Filter>Source Files</Filter>
    </ClCompile>
    <ClCompile Include="VTRadioBtnPropPage.cpp">
      <Filter>Source Files</Filter>
    </ClCompile>
    <ClCompile Include="VTWidthCtl.cpp">
      <Filter>Source Files</Filter>
    </ClCompile>
    <ClCompile Include="VTWidthPpg.cpp">
      <Filter>Source Files</Filter>
    </ClCompile>
    <ClCompile Include="WidthDlg.cpp">
      <Filter>Source Files</Filter>
    </ClCompile>
  </ItemGroup>
  <ItemGroup>
    <None Include="vtcontrols2.def">
      <Filter>Source Files</Filter>
    </None>
    <None Include="bitmaph.bmp">
      <Filter>Resource Files</Filter>
    </None>
    <None Include="bmp00001.bmp">
      <Filter>Resource Files</Filter>
    </None>
    <None Include="col_slider.ico">
      <Filter>Resource Files</Filter>
    </None>
    <None Include="ColorRangeCtrl.bmp">
      <Filter>Resource Files</Filter>
    </None>
    <None Include="VTColorPickerCtl.bmp">
      <Filter>Resource Files</Filter>
    </None>
    <None Include="vtcombob.bmp">
      <Filter>Resource Files</Filter>
    </None>
    <None Include="VTComboBoxCtl.bmp">
      <Filter>Resource Files</Filter>
    </None>
    <None Include="res\Vtcontrols2.rc2">
      <Filter>Resource Files</Filter>
    </None>
    <None Include="VTProgressBarCtrl.bmp">
      <Filter>Resource Files</Filter>
    </None>
    <None Include="VTRadioBtnCtrl.bmp">
      <Filter>Resource Files</Filter>
    </None>
    <None Include="VTWidthCtl.bmp">
      <Filter>Resource Files</Filter>
    </None>
    <None Include="ReadMe.txt" />
  </ItemGroup>
  <ItemGroup>
    <Midl Include="vtcontrols2.odl">
      <Filter>Source Files</Filter>
    </Midl>
  </ItemGroup>
  <ItemGroup>
    <ResourceCompile Include="vtcontrols2.rc">
      <Filter>Source Files</Filter>
    </ResourceCompile>
  </ItemGroup>
  <ItemGroup>
    <ClInclude Include="BCGColorDialog.h">
      <Filter>Header Files</Filter>
    </ClInclude>
    <ClInclude Include="bcglocalres.h">
      <Filter>Header Files</Filter>
    </ClInclude>
    <ClInclude Include="ColorBtn.h">
      <Filter>Header Files</Filter>
    </ClInclude>
    <ClInclude Include="ColorBtnDlg.h">
      <Filter>Header Files</Filter>
    </ClInclude>
    <ClInclude Include="ColorPage1.h">
      <Filter>Header Files</Filter>
    </ClInclude>
    <ClInclude Include="ColorPage2.h">
      <Filter>Header Files</Filter>
    </ClInclude>
    <ClInclude Include="ColorPage3.h">
      <Filter>Header Files</Filter>
    </ClInclude>
    <ClInclude Include="ColorRangeCtrl.h">
      <Filter>Header Files</Filter>
    </ClInclude>
    <ClInclude Include="ColorRangePpg.h">
      <Filter>Header Files</Filter>
    </ClInclude>
    <ClInclude Include="GLOBALS.H">
      <Filter>Header Files</Filter>
    </ClInclude>
    <ClInclude Include="powercolorpicker.h">
      <Filter>Header Files</Filter>
    </ClInclude>
    <ClInclude Include="PropertySheetCtrl.h">
      <Filter>Header Files</Filter>
    </ClInclude>
    <ClInclude Include="Resource.h">
      <Filter>Header Files</Filter>
    </ClInclude>
    <ClInclude Include="StdAfx.h">
      <Filter>Header Files</Filter>
    </ClInclude>
    <ClInclude Include="VTButton.h">
      <Filter>Header Files</Filter>
    </ClInclude>
    <ClInclude Include="VTColorPickerCtl.h">
      <Filter>Header Files</Filter>
    </ClInclude>
    <ClInclude Include="VTColorPickerPpg.h">
      <Filter>Header Files</Filter>
    </ClInclude>
    <ClInclude Include="VTComboBoxCtl.h">
      <Filter>Header Files</Filter>
    </ClInclude>
    <ClInclude Include="VTComboBoxPpg.h">
      <Filter>Header Files</Filter>
    </ClInclude>
    <ClInclude Include="vtcontrols2.h">
      <Filter>Header Files</Filter>
    </ClInclude>
    <ClInclude Include="VTProgressBarCtrl.h">
      <Filter>Header Files</Filter>
    </ClInclude>
    <ClInclude Include="VTProgressBarPropPage.h">
      <Filter>Header Files</Filter>
    </ClInclude>
    <ClInclude Include="VTRadioBtnCtrl.h">
      <Filter>Header Files</Filter>
    </ClInclude>
    <ClInclude Include="VTRadioBtnPropPage.h">
      <Filter>Header Files</Filter>
    </ClInclude>
    <ClInclude Include="VTWidthCtl.h">
      <Filter>Header Files</Filter>
    </ClInclude>
    <ClInclude Include="VTWidthPpg.h">
      <Filter>Header Files</Filter>
    </ClInclude>
    <ClInclude Include="WidthDlg.h">
      <Filter>Header Files</Filter>
    </ClInclude>
  </ItemGroup>
</Project>