<?xml version="1.0" encoding="utf-8"?>
<Project ToolsVersion="4.0" xmlns="http://schemas.microsoft.com/developer/msbuild/2003">
  <ItemGroup>
    <Filter Include="Source Files">
      <UniqueIdentifier>{b396dbce-33d5-42a0-be2e-c3a2853454b1}</UniqueIdentifier>
      <Extensions>cpp;c;cxx;rc;def;r;odl;idl;hpj;bat</Extensions>
    </Filter>
    <Filter Include="Header Files">
      <UniqueIdentifier>{cd09c905-ab0b-42c1-93d6-e3e17aa03929}</UniqueIdentifier>
      <Extensions>h;hpp;hxx;hm;inl</Extensions>
    </Filter>
    <Filter Include="Resource Files">
      <UniqueIdentifier>{63c86068-4877-4436-aa55-a7ed61239786}</UniqueIdentifier>
      <Extensions>ico;cur;bmp;dlg;rc2;rct;bin;rgs;gif;jpg;jpeg;jpe</Extensions>
    </Filter>
  </ItemGroup>
  <ItemGroup>
    <ClCompile Include="ActionInteractiveScroll.cpp">
      <Filter>Source Files</Filter>
    </ClCompile>
    <ClCompile Include="actions.cpp">
      <Filter>Source Files</Filter>
    </ClCompile>
    <ClCompile Include="interactive_zoom.cpp">
      <Filter>Source Files</Filter>
    </ClCompile>
    <ClCompile Include="StdAfx.cpp">
      <Filter>Source Files</Filter>
    </ClCompile>
    <ClCompile Include="zoom.cpp">
      <Filter>Source Files</Filter>
    </ClCompile>
    <ClCompile Include="ZoomNavigatorPage.cpp">
      <Filter>Source Files</Filter>
    </ClCompile>
  </ItemGroup>
  <ItemGroup>
    <None Include="zoom.def">
      <Filter>Source Files</Filter>
    </None>
    <None Include="res\arrow.ico">
      <Filter>Resource Files</Filter>
    </None>
    <None Include="bitmap10.bmp">
      <Filter>Resource Files</Filter>
    </None>
    <None Include="bitmap11.bmp">
      <Filter>Resource Files</Filter>
    </None>
    <None Include="bitmap12.bmp">
      <Filter>Resource Files</Filter>
    </None>
    <None Include="bitmap7.bmp">
      <Filter>Resource Files</Filter>
    </None>
    <None Include="bitmap8.bmp">
      <Filter>Resource Files</Filter>
    </None>
    <None Include="bitmap9.bmp">
      <Filter>Resource Files</Filter>
    </None>
    <None Include="cursor1.cur">
      <Filter>Resource Files</Filter>
    </None>
    <None Include="res\cursor1.cur">
      <Filter>Resource Files</Filter>
    </None>
    <None Include="cursor2.cur">
      <Filter>Resource Files</Filter>
    </None>
    <None Include="toolbar1.bmp">
      <Filter>Resource Files</Filter>
    </None>
    <None Include="res\zoom.ico">
      <Filter>Resource Files</Filter>
    </None>
    <None Include="res\zoom.rc2">
      <Filter>Resource Files</Filter>
    </None>
    <None Include="res\Zoomin.cur">
      <Filter>Resource Files</Filter>
    </None>
    <None Include="res\Zoomout.cur">
      <Filter>Resource Files</Filter>
    </None>
    <None Include="ReadMe.txt" />
  </ItemGroup>
  <ItemGroup>
    <Midl Include="zoom.odl">
      <Filter>Source Files</Filter>
    </Midl>
  </ItemGroup>
  <ItemGroup>
    <ResourceCompile Include="zoom.rc">
      <Filter>Source Files</Filter>
    </ResourceCompile>
  </ItemGroup>
  <ItemGroup>
    <ClInclude Include="ActionInteractiveScroll.h">
      <Filter>Header Files</Filter>
    </ClInclude>
    <ClInclude Include="actions.h">
      <Filter>Header Files</Filter>
    </ClInclude>
    <ClInclude Include="interactive_zoom.h">
      <Filter>Header Files</Filter>
    </ClInclude>
    <ClInclude Include="Resource.h">
      <Filter>Header Files</Filter>
    </ClInclude>
    <ClInclude Include="StdAfx.h">
      <Filter>Header Files</Filter>
    </ClInclude>
    <ClInclude Include="zoom.h">
      <Filter>Header Files</Filter>
    </ClInclude>
    <ClInclude Include="ZoomNavigatorPage.h">
      <Filter>Header Files</Filter>
    </ClInclude>
  </ItemGroup>
</Project>